// !$*UTF8*$!
{
	archiveVersion = 1;
	classes = {
	};
	objectVersion = 55;
	objects = {

/* Begin PBXBuildFile section */
		A809A7B9286F283400B9E08D /* AppDelegate.swift in Sources */ = {isa = PBXBuildFile; fileRef = A809A7B8286F283400B9E08D /* AppDelegate.swift */; };
		A809A7BB286F283400B9E08D /* SceneDelegate.swift in Sources */ = {isa = PBXBuildFile; fileRef = A809A7BA286F283400B9E08D /* SceneDelegate.swift */; };
		A809A7BD286F283400B9E08D /* ViewController.swift in Sources */ = {isa = PBXBuildFile; fileRef = A809A7BC286F283400B9E08D /* ViewController.swift */; };
		A809A7C0286F283400B9E08D /* Main.storyboard in Resources */ = {isa = PBXBuildFile; fileRef = A809A7BE286F283400B9E08D /* Main.storyboard */; };
		A809A7C2286F283600B9E08D /* Assets.xcassets in Resources */ = {isa = PBXBuildFile; fileRef = A809A7C1286F283600B9E08D /* Assets.xcassets */; };
		A809A7C5286F283600B9E08D /* LaunchScreen.storyboard in Resources */ = {isa = PBXBuildFile; fileRef = A809A7C3286F283600B9E08D /* LaunchScreen.storyboard */; };
		A809A7CF28714FC100B9E08D /* BottomTabBarViewController.swift in Sources */ = {isa = PBXBuildFile; fileRef = A809A7CD28714FC100B9E08D /* BottomTabBarViewController.swift */; };
		A809A7D32871533A00B9E08D /* CommunityTab.storyboard in Resources */ = {isa = PBXBuildFile; fileRef = A809A7D22871533A00B9E08D /* CommunityTab.storyboard */; };
		A809A7D52871537B00B9E08D /* NoticeTab.storyboard in Resources */ = {isa = PBXBuildFile; fileRef = A809A7D42871537B00B9E08D /* NoticeTab.storyboard */; };
		A809A7D72871538400B9E08D /* HomeTab.storyboard in Resources */ = {isa = PBXBuildFile; fileRef = A809A7D62871538400B9E08D /* HomeTab.storyboard */; };
		A809A7D92871538D00B9E08D /* ChaetingTab.storyboard in Resources */ = {isa = PBXBuildFile; fileRef = A809A7D82871538D00B9E08D /* ChaetingTab.storyboard */; };
		A809A7DB287153A200B9E08D /* MypageTab.storyboard in Resources */ = {isa = PBXBuildFile; fileRef = A809A7DA287153A200B9E08D /* MypageTab.storyboard */; };
		BC439BF928730BD8006F5659 /* RegisterViewController1.swift in Sources */ = {isa = PBXBuildFile; fileRef = BC439BF828730BD8006F5659 /* RegisterViewController1.swift */; };
		BC439BFB28733436006F5659 /* RegisterViewController2.swift in Sources */ = {isa = PBXBuildFile; fileRef = BC439BFA28733436006F5659 /* RegisterViewController2.swift */; };
		BC439BFD2873437A006F5659 /* RegisterViewController3.swift in Sources */ = {isa = PBXBuildFile; fileRef = BC439BFC2873437A006F5659 /* RegisterViewController3.swift */; };
		BC439BFF287345F3006F5659 /* RegisterViewController4.swift in Sources */ = {isa = PBXBuildFile; fileRef = BC439BFE287345F3006F5659 /* RegisterViewController4.swift */; };
		BC439C0128735BCD006F5659 /* RegisterViewController5.swift in Sources */ = {isa = PBXBuildFile; fileRef = BC439C0028735BCD006F5659 /* RegisterViewController5.swift */; };
		BC4B5BFD287192190072A5FF /* login.storyboard in Resources */ = {isa = PBXBuildFile; fileRef = BC4B5BFC287192190072A5FF /* login.storyboard */; };
		BC4B5C00287199770072A5FF /* OnboardingViewController.swift in Sources */ = {isa = PBXBuildFile; fileRef = BC4B5BFF287199770072A5FF /* OnboardingViewController.swift */; };
		BC4B5C0228719BF30072A5FF /* LoginViewController.swift in Sources */ = {isa = PBXBuildFile; fileRef = BC4B5C0128719BF30072A5FF /* LoginViewController.swift */; };
		BC4B5C0E2871A7030072A5FF /* Pretendard-Bold.otf in Resources */ = {isa = PBXBuildFile; fileRef = BC4B5C052871A7030072A5FF /* Pretendard-Bold.otf */; };
		BC4B5C0F2871A7030072A5FF /* Pretendard-Light.otf in Resources */ = {isa = PBXBuildFile; fileRef = BC4B5C062871A7030072A5FF /* Pretendard-Light.otf */; };
		BC4B5C102871A7030072A5FF /* Pretendard-Black.otf in Resources */ = {isa = PBXBuildFile; fileRef = BC4B5C072871A7030072A5FF /* Pretendard-Black.otf */; };
		BC4B5C112871A7030072A5FF /* Pretendard-ExtraLight.otf in Resources */ = {isa = PBXBuildFile; fileRef = BC4B5C082871A7030072A5FF /* Pretendard-ExtraLight.otf */; };
		BC4B5C122871A7030072A5FF /* Pretendard-ExtraBold.otf in Resources */ = {isa = PBXBuildFile; fileRef = BC4B5C092871A7030072A5FF /* Pretendard-ExtraBold.otf */; };
		BC4B5C132871A7030072A5FF /* Pretendard-SemiBold.otf in Resources */ = {isa = PBXBuildFile; fileRef = BC4B5C0A2871A7030072A5FF /* Pretendard-SemiBold.otf */; };
		BC4B5C152871A7030072A5FF /* Pretendard-Medium.otf in Resources */ = {isa = PBXBuildFile; fileRef = BC4B5C0C2871A7030072A5FF /* Pretendard-Medium.otf */; };
		BC4B5C162871A7030072A5FF /* Pretendard-Regular.otf in Resources */ = {isa = PBXBuildFile; fileRef = BC4B5C0D2871A7030072A5FF /* Pretendard-Regular.otf */; };
		BC4B5C182871A83E0072A5FF /* Pretendard-Thin.otf in Resources */ = {isa = PBXBuildFile; fileRef = BC4B5C172871A83E0072A5FF /* Pretendard-Thin.otf */; };
		BC4B5C1B2871C2660072A5FF /* OnboardingCollectionViewCell.swift in Sources */ = {isa = PBXBuildFile; fileRef = BC4B5C1A2871C2660072A5FF /* OnboardingCollectionViewCell.swift */; };
		BC4B5C1E2871C4510072A5FF /* OnboardingModel.swift in Sources */ = {isa = PBXBuildFile; fileRef = BC4B5C1D2871C4510072A5FF /* OnboardingModel.swift */; };
		BCA6646C287306F500136D1B /* Register.storyboard in Resources */ = {isa = PBXBuildFile; fileRef = BCA6646B287306F500136D1B /* Register.storyboard */; };
/* End PBXBuildFile section */

/* Begin PBXFileReference section */
		A809A7B5286F283400B9E08D /* EraOfBand_iOS.app */ = {isa = PBXFileReference; explicitFileType = wrapper.application; includeInIndex = 0; path = EraOfBand_iOS.app; sourceTree = BUILT_PRODUCTS_DIR; };
		A809A7B8286F283400B9E08D /* AppDelegate.swift */ = {isa = PBXFileReference; lastKnownFileType = sourcecode.swift; path = AppDelegate.swift; sourceTree = "<group>"; };
		A809A7BA286F283400B9E08D /* SceneDelegate.swift */ = {isa = PBXFileReference; lastKnownFileType = sourcecode.swift; path = SceneDelegate.swift; sourceTree = "<group>"; };
		A809A7BC286F283400B9E08D /* ViewController.swift */ = {isa = PBXFileReference; lastKnownFileType = sourcecode.swift; path = ViewController.swift; sourceTree = "<group>"; };
		A809A7BF286F283400B9E08D /* Base */ = {isa = PBXFileReference; lastKnownFileType = file.storyboard; name = Base; path = Base.lproj/Main.storyboard; sourceTree = "<group>"; };
		A809A7C1286F283600B9E08D /* Assets.xcassets */ = {isa = PBXFileReference; lastKnownFileType = folder.assetcatalog; path = Assets.xcassets; sourceTree = "<group>"; };
		A809A7C4286F283600B9E08D /* Base */ = {isa = PBXFileReference; lastKnownFileType = file.storyboard; name = Base; path = Base.lproj/LaunchScreen.storyboard; sourceTree = "<group>"; };
		A809A7C6286F283600B9E08D /* Info.plist */ = {isa = PBXFileReference; lastKnownFileType = text.plist.xml; path = Info.plist; sourceTree = "<group>"; };
		A809A7CD28714FC100B9E08D /* BottomTabBarViewController.swift */ = {isa = PBXFileReference; lastKnownFileType = sourcecode.swift; path = BottomTabBarViewController.swift; sourceTree = "<group>"; };
		A809A7D22871533A00B9E08D /* CommunityTab.storyboard */ = {isa = PBXFileReference; lastKnownFileType = file.storyboard; path = CommunityTab.storyboard; sourceTree = "<group>"; };
		A809A7D42871537B00B9E08D /* NoticeTab.storyboard */ = {isa = PBXFileReference; lastKnownFileType = file.storyboard; path = NoticeTab.storyboard; sourceTree = "<group>"; };
		A809A7D62871538400B9E08D /* HomeTab.storyboard */ = {isa = PBXFileReference; lastKnownFileType = file.storyboard; path = HomeTab.storyboard; sourceTree = "<group>"; };
		A809A7D82871538D00B9E08D /* ChaetingTab.storyboard */ = {isa = PBXFileReference; lastKnownFileType = file.storyboard; path = ChaetingTab.storyboard; sourceTree = "<group>"; };
		A809A7DA287153A200B9E08D /* MypageTab.storyboard */ = {isa = PBXFileReference; lastKnownFileType = file.storyboard; path = MypageTab.storyboard; sourceTree = "<group>"; };
		BC439BF828730BD8006F5659 /* RegisterViewController1.swift */ = {isa = PBXFileReference; lastKnownFileType = sourcecode.swift; path = RegisterViewController1.swift; sourceTree = "<group>"; };
		BC439BFA28733436006F5659 /* RegisterViewController2.swift */ = {isa = PBXFileReference; lastKnownFileType = sourcecode.swift; path = RegisterViewController2.swift; sourceTree = "<group>"; };
		BC439BFC2873437A006F5659 /* RegisterViewController3.swift */ = {isa = PBXFileReference; lastKnownFileType = sourcecode.swift; path = RegisterViewController3.swift; sourceTree = "<group>"; };
		BC439BFE287345F3006F5659 /* RegisterViewController4.swift */ = {isa = PBXFileReference; lastKnownFileType = sourcecode.swift; path = RegisterViewController4.swift; sourceTree = "<group>"; };
		BC439C0028735BCD006F5659 /* RegisterViewController5.swift */ = {isa = PBXFileReference; lastKnownFileType = sourcecode.swift; path = RegisterViewController5.swift; sourceTree = "<group>"; };
		BC4B5BFC287192190072A5FF /* login.storyboard */ = {isa = PBXFileReference; lastKnownFileType = file.storyboard; path = login.storyboard; sourceTree = "<group>"; };
		BC4B5BFF287199770072A5FF /* OnboardingViewController.swift */ = {isa = PBXFileReference; lastKnownFileType = sourcecode.swift; path = OnboardingViewController.swift; sourceTree = "<group>"; };
		BC4B5C0128719BF30072A5FF /* LoginViewController.swift */ = {isa = PBXFileReference; lastKnownFileType = sourcecode.swift; path = LoginViewController.swift; sourceTree = "<group>"; };
		BC4B5C052871A7030072A5FF /* Pretendard-Bold.otf */ = {isa = PBXFileReference; lastKnownFileType = file; name = "Pretendard-Bold.otf"; path = "../../../../../../../Downloads/Pretendard-1.3.3/public/static/Pretendard-Bold.otf"; sourceTree = "<group>"; };
		BC4B5C062871A7030072A5FF /* Pretendard-Light.otf */ = {isa = PBXFileReference; lastKnownFileType = file; name = "Pretendard-Light.otf"; path = "../../../../../../../Downloads/Pretendard-1.3.3/public/static/Pretendard-Light.otf"; sourceTree = "<group>"; };
		BC4B5C072871A7030072A5FF /* Pretendard-Black.otf */ = {isa = PBXFileReference; lastKnownFileType = file; name = "Pretendard-Black.otf"; path = "../../../../../../../Downloads/Pretendard-1.3.3/public/static/Pretendard-Black.otf"; sourceTree = "<group>"; };
		BC4B5C082871A7030072A5FF /* Pretendard-ExtraLight.otf */ = {isa = PBXFileReference; lastKnownFileType = file; name = "Pretendard-ExtraLight.otf"; path = "../../../../../../../Downloads/Pretendard-1.3.3/public/static/Pretendard-ExtraLight.otf"; sourceTree = "<group>"; };
		BC4B5C092871A7030072A5FF /* Pretendard-ExtraBold.otf */ = {isa = PBXFileReference; lastKnownFileType = file; name = "Pretendard-ExtraBold.otf"; path = "../../../../../../../Downloads/Pretendard-1.3.3/public/static/Pretendard-ExtraBold.otf"; sourceTree = "<group>"; };
		BC4B5C0A2871A7030072A5FF /* Pretendard-SemiBold.otf */ = {isa = PBXFileReference; lastKnownFileType = file; name = "Pretendard-SemiBold.otf"; path = "../../../../../../../Downloads/Pretendard-1.3.3/public/static/Pretendard-SemiBold.otf"; sourceTree = "<group>"; };
		BC4B5C0C2871A7030072A5FF /* Pretendard-Medium.otf */ = {isa = PBXFileReference; lastKnownFileType = file; name = "Pretendard-Medium.otf"; path = "../../../../../../../Downloads/Pretendard-1.3.3/public/static/Pretendard-Medium.otf"; sourceTree = "<group>"; };
		BC4B5C0D2871A7030072A5FF /* Pretendard-Regular.otf */ = {isa = PBXFileReference; lastKnownFileType = file; name = "Pretendard-Regular.otf"; path = "../../../../../../../Downloads/Pretendard-1.3.3/public/static/Pretendard-Regular.otf"; sourceTree = "<group>"; };
		BC4B5C172871A83E0072A5FF /* Pretendard-Thin.otf */ = {isa = PBXFileReference; lastKnownFileType = file; name = "Pretendard-Thin.otf"; path = "../../../../../../../Downloads/Pretendard-1.3.3/public/static/Pretendard-Thin.otf"; sourceTree = "<group>"; };
		BC4B5C1A2871C2660072A5FF /* OnboardingCollectionViewCell.swift */ = {isa = PBXFileReference; lastKnownFileType = sourcecode.swift; path = OnboardingCollectionViewCell.swift; sourceTree = "<group>"; };
		BC4B5C1D2871C4510072A5FF /* OnboardingModel.swift */ = {isa = PBXFileReference; lastKnownFileType = sourcecode.swift; path = OnboardingModel.swift; sourceTree = "<group>"; };
		BCA6646B287306F500136D1B /* Register.storyboard */ = {isa = PBXFileReference; lastKnownFileType = file.storyboard; path = Register.storyboard; sourceTree = "<group>"; };
/* End PBXFileReference section */

/* Begin PBXFrameworksBuildPhase section */
		A809A7B2286F283400B9E08D /* Frameworks */ = {
			isa = PBXFrameworksBuildPhase;
			buildActionMask = 2147483647;
			files = (
			);
			runOnlyForDeploymentPostprocessing = 0;
		};
/* End PBXFrameworksBuildPhase section */

/* Begin PBXGroup section */
		A809A7AC286F283400B9E08D = {
			isa = PBXGroup;
			children = (
				A809A7B7286F283400B9E08D /* EraOfBand_iOS */,
				A809A7B6286F283400B9E08D /* Products */,
			);
			sourceTree = "<group>";
		};
		A809A7B6286F283400B9E08D /* Products */ = {
			isa = PBXGroup;
			children = (
				A809A7B5286F283400B9E08D /* EraOfBand_iOS.app */,
			);
			name = Products;
			sourceTree = "<group>";
		};
		A809A7B7286F283400B9E08D /* EraOfBand_iOS */ = {
			isa = PBXGroup;
			children = (
				BC4B5C1C2871C4210072A5FF /* Model */,
				BC4B5C192871C24E0072A5FF /* Cell */,
				BC4B5C032871A6CD0072A5FF /* Resources */,
				BC4B5BFE287199550072A5FF /* ViewController */,
				BC4B5BFA28716A0B0072A5FF /* StoryBoard */,
				A809A7CC28714D8800B9E08D /* TabBarCustomLayout */,
				A809A7BC286F283400B9E08D /* ViewController.swift */,
				A809A7C6286F283600B9E08D /* Info.plist */,
			);
			path = EraOfBand_iOS;
			sourceTree = "<group>";
		};
		A809A7CC28714D8800B9E08D /* TabBarCustomLayout */ = {
			isa = PBXGroup;
			children = (
				A809A7B8286F283400B9E08D /* AppDelegate.swift */,
				A809A7CD28714FC100B9E08D /* BottomTabBarViewController.swift */,
			);
			path = TabBarCustomLayout;
			sourceTree = "<group>";
		};
		A809A7D1287152F800B9E08D /* TabStoryBoard */ = {
			isa = PBXGroup;
			children = (
				A809A7D22871533A00B9E08D /* CommunityTab.storyboard */,
				A809A7D42871537B00B9E08D /* NoticeTab.storyboard */,
				A809A7D62871538400B9E08D /* HomeTab.storyboard */,
				A809A7D82871538D00B9E08D /* ChaetingTab.storyboard */,
				A809A7DA287153A200B9E08D /* MypageTab.storyboard */,
			);
			path = TabStoryBoard;
			sourceTree = "<group>";
		};
		BC439BF728730B6A006F5659 /* RegisterViewController */ = {
			isa = PBXGroup;
			children = (
				BC439BF828730BD8006F5659 /* RegisterViewController1.swift */,
				BC439BFA28733436006F5659 /* RegisterViewController2.swift */,
				BC439BFC2873437A006F5659 /* RegisterViewController3.swift */,
				BC439BFE287345F3006F5659 /* RegisterViewController4.swift */,
				BC439C0028735BCD006F5659 /* RegisterViewController5.swift */,
			);
			path = RegisterViewController;
			sourceTree = "<group>";
		};
		BC4B5BFA28716A0B0072A5FF /* StoryBoard */ = {
			isa = PBXGroup;
			children = (
				BC4B5BFB287191F40072A5FF /* LoginStoryBoard */,
				A809A7C3286F283600B9E08D /* LaunchScreen.storyboard */,
				A809A7BE286F283400B9E08D /* Main.storyboard */,
				A809A7D1287152F800B9E08D /* TabStoryBoard */,
				BCA6646B287306F500136D1B /* Register.storyboard */,
			);
			path = StoryBoard;
			sourceTree = "<group>";
		};
		BC4B5BFB287191F40072A5FF /* LoginStoryBoard */ = {
			isa = PBXGroup;
			children = (
				BC4B5BFC287192190072A5FF /* login.storyboard */,
			);
			path = LoginStoryBoard;
			sourceTree = "<group>";
		};
		BC4B5BFE287199550072A5FF /* ViewController */ = {
			isa = PBXGroup;
			children = (
				BC439BF728730B6A006F5659 /* RegisterViewController */,
				A809A7BA286F283400B9E08D /* SceneDelegate.swift */,
				BC4B5BFF287199770072A5FF /* OnboardingViewController.swift */,
				BC4B5C0128719BF30072A5FF /* LoginViewController.swift */,
			);
			path = ViewController;
			sourceTree = "<group>";
		};
		BC4B5C032871A6CD0072A5FF /* Resources */ = {
			isa = PBXGroup;
			children = (
				BC4B5C042871A6E70072A5FF /* Fonts */,
				A809A7C1286F283600B9E08D /* Assets.xcassets */,
			);
			path = Resources;
			sourceTree = "<group>";
		};
		BC4B5C042871A6E70072A5FF /* Fonts */ = {
			isa = PBXGroup;
			children = (
				BC4B5C172871A83E0072A5FF /* Pretendard-Thin.otf */,
				BC4B5C072871A7030072A5FF /* Pretendard-Black.otf */,
				BC4B5C052871A7030072A5FF /* Pretendard-Bold.otf */,
				BC4B5C092871A7030072A5FF /* Pretendard-ExtraBold.otf */,
				BC4B5C082871A7030072A5FF /* Pretendard-ExtraLight.otf */,
				BC4B5C062871A7030072A5FF /* Pretendard-Light.otf */,
				BC4B5C0C2871A7030072A5FF /* Pretendard-Medium.otf */,
				BC4B5C0D2871A7030072A5FF /* Pretendard-Regular.otf */,
				BC4B5C0A2871A7030072A5FF /* Pretendard-SemiBold.otf */,
			);
			path = Fonts;
			sourceTree = "<group>";
		};
		BC4B5C192871C24E0072A5FF /* Cell */ = {
			isa = PBXGroup;
			children = (
				BC4B5C1A2871C2660072A5FF /* OnboardingCollectionViewCell.swift */,
			);
			path = Cell;
			sourceTree = "<group>";
		};
		BC4B5C1C2871C4210072A5FF /* Model */ = {
			isa = PBXGroup;
			children = (
				BC4B5C1D2871C4510072A5FF /* OnboardingModel.swift */,
			);
			path = Model;
			sourceTree = "<group>";
		};
/* End PBXGroup section */

/* Begin PBXNativeTarget section */
		A809A7B4286F283400B9E08D /* EraOfBand_iOS */ = {
			isa = PBXNativeTarget;
			buildConfigurationList = A809A7C9286F283600B9E08D /* Build configuration list for PBXNativeTarget "EraOfBand_iOS" */;
			buildPhases = (
				A809A7B1286F283400B9E08D /* Sources */,
				A809A7B2286F283400B9E08D /* Frameworks */,
				A809A7B3286F283400B9E08D /* Resources */,
			);
			buildRules = (
			);
			dependencies = (
			);
			name = EraOfBand_iOS;
			productName = EraOfBand_iOS;
			productReference = A809A7B5286F283400B9E08D /* EraOfBand_iOS.app */;
			productType = "com.apple.product-type.application";
		};
/* End PBXNativeTarget section */

/* Begin PBXProject section */
		A809A7AD286F283400B9E08D /* Project object */ = {
			isa = PBXProject;
			attributes = {
				BuildIndependentTargetsInParallel = 1;
				LastSwiftUpdateCheck = 1340;
				LastUpgradeCheck = 1340;
				TargetAttributes = {
					A809A7B4286F283400B9E08D = {
						CreatedOnToolsVersion = 13.4.1;
					};
				};
			};
			buildConfigurationList = A809A7B0286F283400B9E08D /* Build configuration list for PBXProject "EraOfBand_iOS" */;
			compatibilityVersion = "Xcode 13.0";
			developmentRegion = en;
			hasScannedForEncodings = 0;
			knownRegions = (
				en,
				Base,
			);
			mainGroup = A809A7AC286F283400B9E08D;
			productRefGroup = A809A7B6286F283400B9E08D /* Products */;
			projectDirPath = "";
			projectRoot = "";
			targets = (
				A809A7B4286F283400B9E08D /* EraOfBand_iOS */,
			);
		};
/* End PBXProject section */

/* Begin PBXResourcesBuildPhase section */
		A809A7B3286F283400B9E08D /* Resources */ = {
			isa = PBXResourcesBuildPhase;
			buildActionMask = 2147483647;
			files = (
				A809A7C5286F283600B9E08D /* LaunchScreen.storyboard in Resources */,
				BC4B5C0E2871A7030072A5FF /* Pretendard-Bold.otf in Resources */,
				BC4B5C122871A7030072A5FF /* Pretendard-ExtraBold.otf in Resources */,
				BC4B5C182871A83E0072A5FF /* Pretendard-Thin.otf in Resources */,
				BC4B5C152871A7030072A5FF /* Pretendard-Medium.otf in Resources */,
				A809A7C2286F283600B9E08D /* Assets.xcassets in Resources */,
				A809A7C0286F283400B9E08D /* Main.storyboard in Resources */,
				A809A7D92871538D00B9E08D /* ChaetingTab.storyboard in Resources */,
				BC4B5C0F2871A7030072A5FF /* Pretendard-Light.otf in Resources */,
				A809A7D32871533A00B9E08D /* CommunityTab.storyboard in Resources */,
				BC4B5C112871A7030072A5FF /* Pretendard-ExtraLight.otf in Resources */,
				A809A7DB287153A200B9E08D /* MypageTab.storyboard in Resources */,
				A809A7D52871537B00B9E08D /* NoticeTab.storyboard in Resources */,
				BC4B5C162871A7030072A5FF /* Pretendard-Regular.otf in Resources */,
				BCA6646C287306F500136D1B /* Register.storyboard in Resources */,
				A809A7D72871538400B9E08D /* HomeTab.storyboard in Resources */,
				BC4B5C132871A7030072A5FF /* Pretendard-SemiBold.otf in Resources */,
				BC4B5C102871A7030072A5FF /* Pretendard-Black.otf in Resources */,
				BC4B5BFD287192190072A5FF /* login.storyboard in Resources */,
			);
			runOnlyForDeploymentPostprocessing = 0;
		};
/* End PBXResourcesBuildPhase section */

/* Begin PBXSourcesBuildPhase section */
		A809A7B1286F283400B9E08D /* Sources */ = {
			isa = PBXSourcesBuildPhase;
			buildActionMask = 2147483647;
			files = (
				BC439BFD2873437A006F5659 /* RegisterViewController3.swift in Sources */,
				BC4B5C0228719BF30072A5FF /* LoginViewController.swift in Sources */,
				A809A7BD286F283400B9E08D /* ViewController.swift in Sources */,
				BC439C0128735BCD006F5659 /* RegisterViewController5.swift in Sources */,
				A809A7B9286F283400B9E08D /* AppDelegate.swift in Sources */,
				BC439BFF287345F3006F5659 /* RegisterViewController4.swift in Sources */,
				BC439BF928730BD8006F5659 /* RegisterViewController1.swift in Sources */,
				BC4B5C00287199770072A5FF /* OnboardingViewController.swift in Sources */,
				BC4B5C1E2871C4510072A5FF /* OnboardingModel.swift in Sources */,
				BC439BFB28733436006F5659 /* RegisterViewController2.swift in Sources */,
				A809A7CF28714FC100B9E08D /* BottomTabBarViewController.swift in Sources */,
				BC4B5C1B2871C2660072A5FF /* OnboardingCollectionViewCell.swift in Sources */,
				A809A7BB286F283400B9E08D /* SceneDelegate.swift in Sources */,
			);
			runOnlyForDeploymentPostprocessing = 0;
		};
/* End PBXSourcesBuildPhase section */

/* Begin PBXVariantGroup section */
		A809A7BE286F283400B9E08D /* Main.storyboard */ = {
			isa = PBXVariantGroup;
			children = (
				A809A7BF286F283400B9E08D /* Base */,
			);
			name = Main.storyboard;
			sourceTree = "<group>";
		};
		A809A7C3286F283600B9E08D /* LaunchScreen.storyboard */ = {
			isa = PBXVariantGroup;
			children = (
				A809A7C4286F283600B9E08D /* Base */,
			);
			name = LaunchScreen.storyboard;
			sourceTree = "<group>";
		};
/* End PBXVariantGroup section */

/* Begin XCBuildConfiguration section */
		A809A7C7286F283600B9E08D /* Debug */ = {
			isa = XCBuildConfiguration;
			buildSettings = {
				ALWAYS_SEARCH_USER_PATHS = NO;
				CLANG_ANALYZER_NONNULL = YES;
				CLANG_ANALYZER_NUMBER_OBJECT_CONVERSION = YES_AGGRESSIVE;
				CLANG_CXX_LANGUAGE_STANDARD = "gnu++17";
				CLANG_ENABLE_MODULES = YES;
				CLANG_ENABLE_OBJC_ARC = YES;
				CLANG_ENABLE_OBJC_WEAK = YES;
				CLANG_WARN_BLOCK_CAPTURE_AUTORELEASING = YES;
				CLANG_WARN_BOOL_CONVERSION = YES;
				CLANG_WARN_COMMA = YES;
				CLANG_WARN_CONSTANT_CONVERSION = YES;
				CLANG_WARN_DEPRECATED_OBJC_IMPLEMENTATIONS = YES;
				CLANG_WARN_DIRECT_OBJC_ISA_USAGE = YES_ERROR;
				CLANG_WARN_DOCUMENTATION_COMMENTS = YES;
				CLANG_WARN_EMPTY_BODY = YES;
				CLANG_WARN_ENUM_CONVERSION = YES;
				CLANG_WARN_INFINITE_RECURSION = YES;
				CLANG_WARN_INT_CONVERSION = YES;
				CLANG_WARN_NON_LITERAL_NULL_CONVERSION = YES;
				CLANG_WARN_OBJC_IMPLICIT_RETAIN_SELF = YES;
				CLANG_WARN_OBJC_LITERAL_CONVERSION = YES;
				CLANG_WARN_OBJC_ROOT_CLASS = YES_ERROR;
				CLANG_WARN_QUOTED_INCLUDE_IN_FRAMEWORK_HEADER = YES;
				CLANG_WARN_RANGE_LOOP_ANALYSIS = YES;
				CLANG_WARN_STRICT_PROTOTYPES = YES;
				CLANG_WARN_SUSPICIOUS_MOVE = YES;
				CLANG_WARN_UNGUARDED_AVAILABILITY = YES_AGGRESSIVE;
				CLANG_WARN_UNREACHABLE_CODE = YES;
				CLANG_WARN__DUPLICATE_METHOD_MATCH = YES;
				COPY_PHASE_STRIP = NO;
				DEBUG_INFORMATION_FORMAT = dwarf;
				ENABLE_STRICT_OBJC_MSGSEND = YES;
				ENABLE_TESTABILITY = YES;
				GCC_C_LANGUAGE_STANDARD = gnu11;
				GCC_DYNAMIC_NO_PIC = NO;
				GCC_NO_COMMON_BLOCKS = YES;
				GCC_OPTIMIZATION_LEVEL = 0;
				GCC_PREPROCESSOR_DEFINITIONS = (
					"DEBUG=1",
					"$(inherited)",
				);
				GCC_WARN_64_TO_32_BIT_CONVERSION = YES;
				GCC_WARN_ABOUT_RETURN_TYPE = YES_ERROR;
				GCC_WARN_UNDECLARED_SELECTOR = YES;
				GCC_WARN_UNINITIALIZED_AUTOS = YES_AGGRESSIVE;
				GCC_WARN_UNUSED_FUNCTION = YES;
				GCC_WARN_UNUSED_VARIABLE = YES;
				IPHONEOS_DEPLOYMENT_TARGET = 15.5;
				MTL_ENABLE_DEBUG_INFO = INCLUDE_SOURCE;
				MTL_FAST_MATH = YES;
				ONLY_ACTIVE_ARCH = YES;
				SDKROOT = iphoneos;
				SWIFT_ACTIVE_COMPILATION_CONDITIONS = DEBUG;
				SWIFT_OPTIMIZATION_LEVEL = "-Onone";
			};
			name = Debug;
		};
		A809A7C8286F283600B9E08D /* Release */ = {
			isa = XCBuildConfiguration;
			buildSettings = {
				ALWAYS_SEARCH_USER_PATHS = NO;
				CLANG_ANALYZER_NONNULL = YES;
				CLANG_ANALYZER_NUMBER_OBJECT_CONVERSION = YES_AGGRESSIVE;
				CLANG_CXX_LANGUAGE_STANDARD = "gnu++17";
				CLANG_ENABLE_MODULES = YES;
				CLANG_ENABLE_OBJC_ARC = YES;
				CLANG_ENABLE_OBJC_WEAK = YES;
				CLANG_WARN_BLOCK_CAPTURE_AUTORELEASING = YES;
				CLANG_WARN_BOOL_CONVERSION = YES;
				CLANG_WARN_COMMA = YES;
				CLANG_WARN_CONSTANT_CONVERSION = YES;
				CLANG_WARN_DEPRECATED_OBJC_IMPLEMENTATIONS = YES;
				CLANG_WARN_DIRECT_OBJC_ISA_USAGE = YES_ERROR;
				CLANG_WARN_DOCUMENTATION_COMMENTS = YES;
				CLANG_WARN_EMPTY_BODY = YES;
				CLANG_WARN_ENUM_CONVERSION = YES;
				CLANG_WARN_INFINITE_RECURSION = YES;
				CLANG_WARN_INT_CONVERSION = YES;
				CLANG_WARN_NON_LITERAL_NULL_CONVERSION = YES;
				CLANG_WARN_OBJC_IMPLICIT_RETAIN_SELF = YES;
				CLANG_WARN_OBJC_LITERAL_CONVERSION = YES;
				CLANG_WARN_OBJC_ROOT_CLASS = YES_ERROR;
				CLANG_WARN_QUOTED_INCLUDE_IN_FRAMEWORK_HEADER = YES;
				CLANG_WARN_RANGE_LOOP_ANALYSIS = YES;
				CLANG_WARN_STRICT_PROTOTYPES = YES;
				CLANG_WARN_SUSPICIOUS_MOVE = YES;
				CLANG_WARN_UNGUARDED_AVAILABILITY = YES_AGGRESSIVE;
				CLANG_WARN_UNREACHABLE_CODE = YES;
				CLANG_WARN__DUPLICATE_METHOD_MATCH = YES;
				COPY_PHASE_STRIP = NO;
				DEBUG_INFORMATION_FORMAT = "dwarf-with-dsym";
				ENABLE_NS_ASSERTIONS = NO;
				ENABLE_STRICT_OBJC_MSGSEND = YES;
				GCC_C_LANGUAGE_STANDARD = gnu11;
				GCC_NO_COMMON_BLOCKS = YES;
				GCC_WARN_64_TO_32_BIT_CONVERSION = YES;
				GCC_WARN_ABOUT_RETURN_TYPE = YES_ERROR;
				GCC_WARN_UNDECLARED_SELECTOR = YES;
				GCC_WARN_UNINITIALIZED_AUTOS = YES_AGGRESSIVE;
				GCC_WARN_UNUSED_FUNCTION = YES;
				GCC_WARN_UNUSED_VARIABLE = YES;
				IPHONEOS_DEPLOYMENT_TARGET = 15.5;
				MTL_ENABLE_DEBUG_INFO = NO;
				MTL_FAST_MATH = YES;
				SDKROOT = iphoneos;
				SWIFT_COMPILATION_MODE = wholemodule;
				SWIFT_OPTIMIZATION_LEVEL = "-O";
				VALIDATE_PRODUCT = YES;
			};
			name = Release;
		};
		A809A7CA286F283600B9E08D /* Debug */ = {
			isa = XCBuildConfiguration;
			buildSettings = {
				ASSETCATALOG_COMPILER_APPICON_NAME = AppIcon;
				ASSETCATALOG_COMPILER_GLOBAL_ACCENT_COLOR_NAME = AccentColor;
				CODE_SIGN_STYLE = Automatic;
				CURRENT_PROJECT_VERSION = 1;
				GENERATE_INFOPLIST_FILE = YES;
				INFOPLIST_FILE = EraOfBand_iOS/Info.plist;
				INFOPLIST_KEY_UIApplicationSupportsIndirectInputEvents = YES;
				INFOPLIST_KEY_UILaunchStoryboardName = LaunchScreen;
				INFOPLIST_KEY_UIMainStoryboardFile = Main;
				INFOPLIST_KEY_UISupportedInterfaceOrientations_iPad = "UIInterfaceOrientationPortrait UIInterfaceOrientationPortraitUpsideDown UIInterfaceOrientationLandscapeLeft UIInterfaceOrientationLandscapeRight";
				INFOPLIST_KEY_UISupportedInterfaceOrientations_iPhone = "UIInterfaceOrientationPortrait UIInterfaceOrientationLandscapeLeft UIInterfaceOrientationLandscapeRight";
				LD_RUNPATH_SEARCH_PATHS = (
					"$(inherited)",
					"@executable_path/Frameworks",
				);
				MARKETING_VERSION = 1.0;
				PRODUCT_BUNDLE_IDENTIFIER = "com.yeonghyeon.EraOfBand-iOS";
				PRODUCT_NAME = "$(TARGET_NAME)";
				SWIFT_EMIT_LOC_STRINGS = YES;
				SWIFT_VERSION = 5.0;
				TARGETED_DEVICE_FAMILY = "1,2";
			};
			name = Debug;
		};
		A809A7CB286F283600B9E08D /* Release */ = {
			isa = XCBuildConfiguration;
			buildSettings = {
				ASSETCATALOG_COMPILER_APPICON_NAME = AppIcon;
				ASSETCATALOG_COMPILER_GLOBAL_ACCENT_COLOR_NAME = AccentColor;
				CODE_SIGN_STYLE = Automatic;
				CURRENT_PROJECT_VERSION = 1;
				GENERATE_INFOPLIST_FILE = YES;
				INFOPLIST_FILE = EraOfBand_iOS/Info.plist;
				INFOPLIST_KEY_UIApplicationSupportsIndirectInputEvents = YES;
				INFOPLIST_KEY_UILaunchStoryboardName = LaunchScreen;
				INFOPLIST_KEY_UIMainStoryboardFile = Main;
				INFOPLIST_KEY_UISupportedInterfaceOrientations_iPad = "UIInterfaceOrientationPortrait UIInterfaceOrientationPortraitUpsideDown UIInterfaceOrientationLandscapeLeft UIInterfaceOrientationLandscapeRight";
				INFOPLIST_KEY_UISupportedInterfaceOrientations_iPhone = "UIInterfaceOrientationPortrait UIInterfaceOrientationLandscapeLeft UIInterfaceOrientationLandscapeRight";
				LD_RUNPATH_SEARCH_PATHS = (
					"$(inherited)",
					"@executable_path/Frameworks",
				);
				MARKETING_VERSION = 1.0;
				PRODUCT_BUNDLE_IDENTIFIER = "com.yeonghyeon.EraOfBand-iOS";
				PRODUCT_NAME = "$(TARGET_NAME)";
				SWIFT_EMIT_LOC_STRINGS = YES;
				SWIFT_VERSION = 5.0;
				TARGETED_DEVICE_FAMILY = "1,2";
			};
			name = Release;
		};
/* End XCBuildConfiguration section */

/* Begin XCConfigurationList section */
		A809A7B0286F283400B9E08D /* Build configuration list for PBXProject "EraOfBand_iOS" */ = {
			isa = XCConfigurationList;
			buildConfigurations = (
				A809A7C7286F283600B9E08D /* Debug */,
				A809A7C8286F283600B9E08D /* Release */,
			);
			defaultConfigurationIsVisible = 0;
			defaultConfigurationName = Release;
		};
		A809A7C9286F283600B9E08D /* Build configuration list for PBXNativeTarget "EraOfBand_iOS" */ = {
			isa = XCConfigurationList;
			buildConfigurations = (
				A809A7CA286F283600B9E08D /* Debug */,
				A809A7CB286F283600B9E08D /* Release */,
			);
			defaultConfigurationIsVisible = 0;
			defaultConfigurationName = Release;
		};
/* End XCConfigurationList section */
	};
	rootObject = A809A7AD286F283400B9E08D /* Project object */;
}
