// !$*UTF8*$!
{
	archiveVersion = 1;
	classes = {
	};
	objectVersion = 55;
	objects = {

/* Begin PBXBuildFile section */
		9DD28607C26E2D073BAC5914 /* Pods_EraOfBand_iOS.framework in Frameworks */ = {isa = PBXBuildFile; fileRef = 941E6D10E1573BD4A3A87520 /* Pods_EraOfBand_iOS.framework */; };
		A809A7B9286F283400B9E08D /* AppDelegate.swift in Sources */ = {isa = PBXBuildFile; fileRef = A809A7B8286F283400B9E08D /* AppDelegate.swift */; };
		A809A7BB286F283400B9E08D /* SceneDelegate.swift in Sources */ = {isa = PBXBuildFile; fileRef = A809A7BA286F283400B9E08D /* SceneDelegate.swift */; };
		A809A7BD286F283400B9E08D /* ViewController.swift in Sources */ = {isa = PBXBuildFile; fileRef = A809A7BC286F283400B9E08D /* ViewController.swift */; };
		A809A7C0286F283400B9E08D /* Main.storyboard in Resources */ = {isa = PBXBuildFile; fileRef = A809A7BE286F283400B9E08D /* Main.storyboard */; };
		A809A7C2286F283600B9E08D /* Assets.xcassets in Resources */ = {isa = PBXBuildFile; fileRef = A809A7C1286F283600B9E08D /* Assets.xcassets */; };
		A809A7C5286F283600B9E08D /* LaunchScreen.storyboard in Resources */ = {isa = PBXBuildFile; fileRef = A809A7C3286F283600B9E08D /* LaunchScreen.storyboard */; };
		A809A7D32871533A00B9E08D /* CommunityTab.storyboard in Resources */ = {isa = PBXBuildFile; fileRef = A809A7D22871533A00B9E08D /* CommunityTab.storyboard */; };
		A809A7D52871537B00B9E08D /* NoticeTab.storyboard in Resources */ = {isa = PBXBuildFile; fileRef = A809A7D42871537B00B9E08D /* NoticeTab.storyboard */; };
		A809A7D72871538400B9E08D /* HomeTab.storyboard in Resources */ = {isa = PBXBuildFile; fileRef = A809A7D62871538400B9E08D /* HomeTab.storyboard */; };
		A809A7D92871538D00B9E08D /* MessageTab.storyboard in Resources */ = {isa = PBXBuildFile; fileRef = A809A7D82871538D00B9E08D /* MessageTab.storyboard */; };
		A809A7DB287153A200B9E08D /* MypageTab.storyboard in Resources */ = {isa = PBXBuildFile; fileRef = A809A7DA287153A200B9E08D /* MypageTab.storyboard */; };
		A809A7EF2872E88300B9E08D /* TabBarController.swift in Sources */ = {isa = PBXBuildFile; fileRef = A809A7EE2872E88300B9E08D /* TabBarController.swift */; };
		A809A7F12872EAA400B9E08D /* TabBar.swift in Sources */ = {isa = PBXBuildFile; fileRef = A809A7F02872EAA400B9E08D /* TabBar.swift */; };
		A81351A52882A79400078C9E /* GetUserDataService.swift in Sources */ = {isa = PBXBuildFile; fileRef = A81351A42882A79400078C9E /* GetUserDataService.swift */; };
		A81351A72882A8CD00078C9E /* NetworkResult.swift in Sources */ = {isa = PBXBuildFile; fileRef = A81351A62882A8CD00078C9E /* NetworkResult.swift */; };
		A84D35F32881A2B6007E8E3C /* OtherUser.storyboard in Resources */ = {isa = PBXBuildFile; fileRef = A84D35F22881A2B6007E8E3C /* OtherUser.storyboard */; };
		A84D35F52881AF31007E8E3C /* OtherUserViewController.swift in Sources */ = {isa = PBXBuildFile; fileRef = A84D35F42881AF31007E8E3C /* OtherUserViewController.swift */; };
		A8545D94288154D6003E076A /* PortfolioViewController.swift in Sources */ = {isa = PBXBuildFile; fileRef = A8545D93288154D5003E076A /* PortfolioViewController.swift */; };
		A8545D96288156DD003E076A /* PorfolCollectionViewCell.swift in Sources */ = {isa = PBXBuildFile; fileRef = A8545D95288156DD003E076A /* PorfolCollectionViewCell.swift */; };
		A857360B2874C64300E2F0AB /* CommunityTabViewController.swift in Sources */ = {isa = PBXBuildFile; fileRef = A857360A2874C64300E2F0AB /* CommunityTabViewController.swift */; };
		A857360D2874C66800E2F0AB /* NoticeTabViewController.swift in Sources */ = {isa = PBXBuildFile; fileRef = A857360C2874C66800E2F0AB /* NoticeTabViewController.swift */; };
		A857360F2874C67E00E2F0AB /* HomeTabViewController.swift in Sources */ = {isa = PBXBuildFile; fileRef = A857360E2874C67E00E2F0AB /* HomeTabViewController.swift */; };
		A85736112874C68C00E2F0AB /* MessageTabViewController.swift in Sources */ = {isa = PBXBuildFile; fileRef = A85736102874C68C00E2F0AB /* MessageTabViewController.swift */; };
		A85736132874C69E00E2F0AB /* MypageTabViewController.swift in Sources */ = {isa = PBXBuildFile; fileRef = A85736122874C69E00E2F0AB /* MypageTabViewController.swift */; };
		A8573614287534E200E2F0AB /* Pretendard-Black.otf in Resources */ = {isa = PBXBuildFile; fileRef = A809A7E92872DE0F00B9E08D /* Pretendard-Black.otf */; };
		A8573615287534E700E2F0AB /* Pretendard-Bold.otf in Resources */ = {isa = PBXBuildFile; fileRef = A809A7EC2872DE0F00B9E08D /* Pretendard-Bold.otf */; };
		A8573616287534EA00E2F0AB /* Pretendard-ExtraBold.otf in Resources */ = {isa = PBXBuildFile; fileRef = A809A7EB2872DE0F00B9E08D /* Pretendard-ExtraBold.otf */; };
		A8573617287534EC00E2F0AB /* Pretendard-ExtraLight.otf in Resources */ = {isa = PBXBuildFile; fileRef = A809A7ED2872DE0F00B9E08D /* Pretendard-ExtraLight.otf */; };
		A8573618287534EF00E2F0AB /* Pretendard-Light.otf in Resources */ = {isa = PBXBuildFile; fileRef = A809A7EA2872DE0F00B9E08D /* Pretendard-Light.otf */; };
		A8573619287534F200E2F0AB /* Pretendard-Medium.otf in Resources */ = {isa = PBXBuildFile; fileRef = A809A7E72872DE0F00B9E08D /* Pretendard-Medium.otf */; };
		A857361A287534F500E2F0AB /* Pretendard-Regular.otf in Resources */ = {isa = PBXBuildFile; fileRef = A809A7E82872DE0F00B9E08D /* Pretendard-Regular.otf */; };
		A857361B287534F700E2F0AB /* Pretendard-SemiBold.otf in Resources */ = {isa = PBXBuildFile; fileRef = A809A7E62872DE0F00B9E08D /* Pretendard-SemiBold.otf */; };
		A857361C287534F900E2F0AB /* Pretendard-Thin.otf in Resources */ = {isa = PBXBuildFile; fileRef = A809A7E52872DE0F00B9E08D /* Pretendard-Thin.otf */; };
		A8573621287C442100E2F0AB /* BandViewController.swift in Sources */ = {isa = PBXBuildFile; fileRef = A8573620287C442100E2F0AB /* BandViewController.swift */; };
		A8573623287C442B00E2F0AB /* LessonViewController.swift in Sources */ = {isa = PBXBuildFile; fileRef = A8573622287C442B00E2F0AB /* LessonViewController.swift */; };
		A8573625287C49F800E2F0AB /* TabManViewController.swift in Sources */ = {isa = PBXBuildFile; fileRef = A8573624287C49F800E2F0AB /* TabManViewController.swift */; };
		A8573627287D2F5300E2F0AB /* EditViewController.swift in Sources */ = {isa = PBXBuildFile; fileRef = A8573626287D2F5300E2F0AB /* EditViewController.swift */; };
		A8573629287DB2C500E2F0AB /* UserDataModel.swift in Sources */ = {isa = PBXBuildFile; fileRef = A8573628287DB2C500E2F0AB /* UserDataModel.swift */; };
		BC1C6A8028744720009A1FE7 /* RegisterViewController6.swift in Sources */ = {isa = PBXBuildFile; fileRef = BC1C6A7F28744720009A1FE7 /* RegisterViewController6.swift */; };
		BC1ED4922880264600A5B931 /* PofolTableViewController.swift in Sources */ = {isa = PBXBuildFile; fileRef = BC1ED4912880264600A5B931 /* PofolTableViewController.swift */; };
		BC1ED494288027A100A5B931 /* PofolData.swift in Sources */ = {isa = PBXBuildFile; fileRef = BC1ED493288027A100A5B931 /* PofolData.swift */; };
		BC1ED49728803F6B00A5B931 /* AddPofol.storyboard in Resources */ = {isa = PBXBuildFile; fileRef = BC1ED49628803F6B00A5B931 /* AddPofol.storyboard */; };
		BC1ED499288041B300A5B931 /* MyPofolTable.storyboard in Resources */ = {isa = PBXBuildFile; fileRef = BC1ED498288041B300A5B931 /* MyPofolTable.storyboard */; };
		BC1ED49D2880672300A5B931 /* MyPofolTableViewCell.swift in Sources */ = {isa = PBXBuildFile; fileRef = BC1ED49C2880672300A5B931 /* MyPofolTableViewCell.swift */; };
		BC1ED49F288116B700A5B931 /* LoginUserData.swift in Sources */ = {isa = PBXBuildFile; fileRef = BC1ED49E288116B700A5B931 /* LoginUserData.swift */; };
		BC1ED4A12881383400A5B931 /* MainTabBar.storyboard in Resources */ = {isa = PBXBuildFile; fileRef = BC1ED4A02881383400A5B931 /* MainTabBar.storyboard */; };
		BC439BF928730BD8006F5659 /* RegisterViewController1.swift in Sources */ = {isa = PBXBuildFile; fileRef = BC439BF828730BD8006F5659 /* RegisterViewController1.swift */; };
		BC439BFB28733436006F5659 /* RegisterViewController2.swift in Sources */ = {isa = PBXBuildFile; fileRef = BC439BFA28733436006F5659 /* RegisterViewController2.swift */; };
		BC439BFD2873437A006F5659 /* RegisterViewController3.swift in Sources */ = {isa = PBXBuildFile; fileRef = BC439BFC2873437A006F5659 /* RegisterViewController3.swift */; };
		BC439BFF287345F3006F5659 /* RegisterViewController4.swift in Sources */ = {isa = PBXBuildFile; fileRef = BC439BFE287345F3006F5659 /* RegisterViewController4.swift */; };
		BC439C0128735BCD006F5659 /* RegisterViewController5.swift in Sources */ = {isa = PBXBuildFile; fileRef = BC439C0028735BCD006F5659 /* RegisterViewController5.swift */; };
		BC4B5BFD287192190072A5FF /* login.storyboard in Resources */ = {isa = PBXBuildFile; fileRef = BC4B5BFC287192190072A5FF /* login.storyboard */; };
		BC4B5C00287199770072A5FF /* OnboardingViewController.swift in Sources */ = {isa = PBXBuildFile; fileRef = BC4B5BFF287199770072A5FF /* OnboardingViewController.swift */; };
		BC4B5C0228719BF30072A5FF /* LoginViewController.swift in Sources */ = {isa = PBXBuildFile; fileRef = BC4B5C0128719BF30072A5FF /* LoginViewController.swift */; };
		BC4B5C1B2871C2660072A5FF /* OnboardingCollectionViewCell.swift in Sources */ = {isa = PBXBuildFile; fileRef = BC4B5C1A2871C2660072A5FF /* OnboardingCollectionViewCell.swift */; };
		BC4B5C1E2871C4510072A5FF /* OnboardingModel.swift in Sources */ = {isa = PBXBuildFile; fileRef = BC4B5C1D2871C4510072A5FF /* OnboardingModel.swift */; };
		BC636132287DA62400DFA6D2 /* UserModel.swift in Sources */ = {isa = PBXBuildFile; fileRef = BC636131287DA62400DFA6D2 /* UserModel.swift */; };
		BC636135287DB47300DFA6D2 /* AddPofolViewController.swift in Sources */ = {isa = PBXBuildFile; fileRef = BC636134287DB47300DFA6D2 /* AddPofolViewController.swift */; };
		BC636137287DDB8200DFA6D2 /* JWTAccessTokenAdapter.swift in Sources */ = {isa = PBXBuildFile; fileRef = BC636136287DDB8200DFA6D2 /* JWTAccessTokenAdapter.swift */; };
		BC6DD51F28785D030067D6B5 /* KakaoSDK in Frameworks */ = {isa = PBXBuildFile; productRef = BC6DD51E28785D030067D6B5 /* KakaoSDK */; };
		BC6DD521287861EE0067D6B5 /* ApiKey.plist in Resources */ = {isa = PBXBuildFile; fileRef = BC6DD520287861EE0067D6B5 /* ApiKey.plist */; };
		BC6DD523287863990067D6B5 /* EraOfBand_iOS++Bundle.swift in Sources */ = {isa = PBXBuildFile; fileRef = BC6DD522287863990067D6B5 /* EraOfBand_iOS++Bundle.swift */; };
		BC8502FF287732200022EA7B /* SessionModel.swift in Sources */ = {isa = PBXBuildFile; fileRef = BC8502FE287732200022EA7B /* SessionModel.swift */; };
		BCA3DA33287934480031028E /* RegisterNavigationController.swift in Sources */ = {isa = PBXBuildFile; fileRef = BCA3DA32287934480031028E /* RegisterNavigationController.swift */; };
		BCA3DA3528793B4B0031028E /* KakaoData.swift in Sources */ = {isa = PBXBuildFile; fileRef = BCA3DA3428793B4B0031028E /* KakaoData.swift */; };
		BCA3DA37287941B30031028E /* RegisterData.swift in Sources */ = {isa = PBXBuildFile; fileRef = BCA3DA36287941B30031028E /* RegisterData.swift */; };
		BCA6646C287306F500136D1B /* Register.storyboard in Resources */ = {isa = PBXBuildFile; fileRef = BCA6646B287306F500136D1B /* Register.storyboard */; };
		BCC2CF20287C3E8B00A71B82 /* SessionCollectionViewCell.swift in Sources */ = {isa = PBXBuildFile; fileRef = BCC2CF1F287C3E8B00A71B82 /* SessionCollectionViewCell.swift */; };
		BCD3C22C2882FA2F00562FB4 /* CommentTable.storyboard in Resources */ = {isa = PBXBuildFile; fileRef = BCD3C22B2882FA2F00562FB4 /* CommentTable.storyboard */; };
		BCD3C22E2882FAC100562FB4 /* PorfolCommentViewController.swift in Sources */ = {isa = PBXBuildFile; fileRef = BCD3C22D2882FAC100562FB4 /* PorfolCommentViewController.swift */; };
		BCD3C2302882FBB600562FB4 /* CommentTableViewCell.swift in Sources */ = {isa = PBXBuildFile; fileRef = BCD3C22F2882FBB600562FB4 /* CommentTableViewCell.swift */; };
		BCD3C2322882FE3B00562FB4 /* CommentData.swift in Sources */ = {isa = PBXBuildFile; fileRef = BCD3C2312882FE3B00562FB4 /* CommentData.swift */; };
/* End PBXBuildFile section */

/* Begin PBXFileReference section */
		1190870D647DF9114CDC66E6 /* Pods-EraOfBand_iOS.debug.xcconfig */ = {isa = PBXFileReference; includeInIndex = 1; lastKnownFileType = text.xcconfig; name = "Pods-EraOfBand_iOS.debug.xcconfig"; path = "Target Support Files/Pods-EraOfBand_iOS/Pods-EraOfBand_iOS.debug.xcconfig"; sourceTree = "<group>"; };
		941E6D10E1573BD4A3A87520 /* Pods_EraOfBand_iOS.framework */ = {isa = PBXFileReference; explicitFileType = wrapper.framework; includeInIndex = 0; path = Pods_EraOfBand_iOS.framework; sourceTree = BUILT_PRODUCTS_DIR; };
		A809A7B5286F283400B9E08D /* EraOfBand_iOS.app */ = {isa = PBXFileReference; explicitFileType = wrapper.application; includeInIndex = 0; path = EraOfBand_iOS.app; sourceTree = BUILT_PRODUCTS_DIR; };
		A809A7B8286F283400B9E08D /* AppDelegate.swift */ = {isa = PBXFileReference; lastKnownFileType = sourcecode.swift; path = AppDelegate.swift; sourceTree = "<group>"; };
		A809A7BA286F283400B9E08D /* SceneDelegate.swift */ = {isa = PBXFileReference; lastKnownFileType = sourcecode.swift; path = SceneDelegate.swift; sourceTree = "<group>"; };
		A809A7BC286F283400B9E08D /* ViewController.swift */ = {isa = PBXFileReference; lastKnownFileType = sourcecode.swift; path = ViewController.swift; sourceTree = "<group>"; };
		A809A7BF286F283400B9E08D /* Base */ = {isa = PBXFileReference; lastKnownFileType = file.storyboard; name = Base; path = Base.lproj/Main.storyboard; sourceTree = "<group>"; };
		A809A7C1286F283600B9E08D /* Assets.xcassets */ = {isa = PBXFileReference; lastKnownFileType = folder.assetcatalog; path = Assets.xcassets; sourceTree = "<group>"; };
		A809A7C4286F283600B9E08D /* Base */ = {isa = PBXFileReference; lastKnownFileType = file.storyboard; name = Base; path = Base.lproj/LaunchScreen.storyboard; sourceTree = "<group>"; };
		A809A7C6286F283600B9E08D /* Info.plist */ = {isa = PBXFileReference; lastKnownFileType = text.plist.xml; path = Info.plist; sourceTree = "<group>"; };
		A809A7D22871533A00B9E08D /* CommunityTab.storyboard */ = {isa = PBXFileReference; lastKnownFileType = file.storyboard; path = CommunityTab.storyboard; sourceTree = "<group>"; };
		A809A7D42871537B00B9E08D /* NoticeTab.storyboard */ = {isa = PBXFileReference; lastKnownFileType = file.storyboard; path = NoticeTab.storyboard; sourceTree = "<group>"; };
		A809A7D62871538400B9E08D /* HomeTab.storyboard */ = {isa = PBXFileReference; lastKnownFileType = file.storyboard; path = HomeTab.storyboard; sourceTree = "<group>"; };
		A809A7D82871538D00B9E08D /* MessageTab.storyboard */ = {isa = PBXFileReference; lastKnownFileType = file.storyboard; path = MessageTab.storyboard; sourceTree = "<group>"; };
		A809A7DA287153A200B9E08D /* MypageTab.storyboard */ = {isa = PBXFileReference; lastKnownFileType = file.storyboard; path = MypageTab.storyboard; sourceTree = "<group>"; };
		A809A7E52872DE0F00B9E08D /* Pretendard-Thin.otf */ = {isa = PBXFileReference; lastKnownFileType = file; path = "Pretendard-Thin.otf"; sourceTree = "<group>"; };
		A809A7E62872DE0F00B9E08D /* Pretendard-SemiBold.otf */ = {isa = PBXFileReference; lastKnownFileType = file; path = "Pretendard-SemiBold.otf"; sourceTree = "<group>"; };
		A809A7E72872DE0F00B9E08D /* Pretendard-Medium.otf */ = {isa = PBXFileReference; lastKnownFileType = file; path = "Pretendard-Medium.otf"; sourceTree = "<group>"; };
		A809A7E82872DE0F00B9E08D /* Pretendard-Regular.otf */ = {isa = PBXFileReference; lastKnownFileType = file; path = "Pretendard-Regular.otf"; sourceTree = "<group>"; };
		A809A7E92872DE0F00B9E08D /* Pretendard-Black.otf */ = {isa = PBXFileReference; lastKnownFileType = file; path = "Pretendard-Black.otf"; sourceTree = "<group>"; };
		A809A7EA2872DE0F00B9E08D /* Pretendard-Light.otf */ = {isa = PBXFileReference; lastKnownFileType = file; path = "Pretendard-Light.otf"; sourceTree = "<group>"; };
		A809A7EB2872DE0F00B9E08D /* Pretendard-ExtraBold.otf */ = {isa = PBXFileReference; lastKnownFileType = file; path = "Pretendard-ExtraBold.otf"; sourceTree = "<group>"; };
		A809A7EC2872DE0F00B9E08D /* Pretendard-Bold.otf */ = {isa = PBXFileReference; lastKnownFileType = file; path = "Pretendard-Bold.otf"; sourceTree = "<group>"; };
		A809A7ED2872DE0F00B9E08D /* Pretendard-ExtraLight.otf */ = {isa = PBXFileReference; lastKnownFileType = file; path = "Pretendard-ExtraLight.otf"; sourceTree = "<group>"; };
		A809A7EE2872E88300B9E08D /* TabBarController.swift */ = {isa = PBXFileReference; lastKnownFileType = sourcecode.swift; path = TabBarController.swift; sourceTree = "<group>"; };
		A809A7F02872EAA400B9E08D /* TabBar.swift */ = {isa = PBXFileReference; lastKnownFileType = sourcecode.swift; path = TabBar.swift; sourceTree = "<group>"; };
		A81351A42882A79400078C9E /* GetUserDataService.swift */ = {isa = PBXFileReference; lastKnownFileType = sourcecode.swift; path = GetUserDataService.swift; sourceTree = "<group>"; };
		A81351A62882A8CD00078C9E /* NetworkResult.swift */ = {isa = PBXFileReference; lastKnownFileType = sourcecode.swift; path = NetworkResult.swift; sourceTree = "<group>"; };
		A84D35F22881A2B6007E8E3C /* OtherUser.storyboard */ = {isa = PBXFileReference; lastKnownFileType = file.storyboard; path = OtherUser.storyboard; sourceTree = "<group>"; };
		A84D35F42881AF31007E8E3C /* OtherUserViewController.swift */ = {isa = PBXFileReference; lastKnownFileType = sourcecode.swift; path = OtherUserViewController.swift; sourceTree = "<group>"; };
		A8545D93288154D5003E076A /* PortfolioViewController.swift */ = {isa = PBXFileReference; lastKnownFileType = sourcecode.swift; path = PortfolioViewController.swift; sourceTree = "<group>"; };
		A8545D95288156DD003E076A /* PorfolCollectionViewCell.swift */ = {isa = PBXFileReference; lastKnownFileType = sourcecode.swift; path = PorfolCollectionViewCell.swift; sourceTree = "<group>"; };
		A857360A2874C64300E2F0AB /* CommunityTabViewController.swift */ = {isa = PBXFileReference; lastKnownFileType = sourcecode.swift; path = CommunityTabViewController.swift; sourceTree = "<group>"; };
		A857360C2874C66800E2F0AB /* NoticeTabViewController.swift */ = {isa = PBXFileReference; lastKnownFileType = sourcecode.swift; path = NoticeTabViewController.swift; sourceTree = "<group>"; };
		A857360E2874C67E00E2F0AB /* HomeTabViewController.swift */ = {isa = PBXFileReference; lastKnownFileType = sourcecode.swift; path = HomeTabViewController.swift; sourceTree = "<group>"; };
		A85736102874C68C00E2F0AB /* MessageTabViewController.swift */ = {isa = PBXFileReference; lastKnownFileType = sourcecode.swift; path = MessageTabViewController.swift; sourceTree = "<group>"; };
		A85736122874C69E00E2F0AB /* MypageTabViewController.swift */ = {isa = PBXFileReference; lastKnownFileType = sourcecode.swift; path = MypageTabViewController.swift; sourceTree = "<group>"; };
		A8573620287C442100E2F0AB /* BandViewController.swift */ = {isa = PBXFileReference; lastKnownFileType = sourcecode.swift; path = BandViewController.swift; sourceTree = "<group>"; };
		A8573622287C442B00E2F0AB /* LessonViewController.swift */ = {isa = PBXFileReference; lastKnownFileType = sourcecode.swift; path = LessonViewController.swift; sourceTree = "<group>"; };
		A8573624287C49F800E2F0AB /* TabManViewController.swift */ = {isa = PBXFileReference; lastKnownFileType = sourcecode.swift; path = TabManViewController.swift; sourceTree = "<group>"; };
		A8573626287D2F5300E2F0AB /* EditViewController.swift */ = {isa = PBXFileReference; lastKnownFileType = sourcecode.swift; path = EditViewController.swift; sourceTree = "<group>"; };
		A8573628287DB2C500E2F0AB /* UserDataModel.swift */ = {isa = PBXFileReference; lastKnownFileType = sourcecode.swift; path = UserDataModel.swift; sourceTree = "<group>"; };
		BC1C6A7F28744720009A1FE7 /* RegisterViewController6.swift */ = {isa = PBXFileReference; lastKnownFileType = sourcecode.swift; path = RegisterViewController6.swift; sourceTree = "<group>"; };
		BC1ED4912880264600A5B931 /* PofolTableViewController.swift */ = {isa = PBXFileReference; lastKnownFileType = sourcecode.swift; path = PofolTableViewController.swift; sourceTree = "<group>"; };
		BC1ED493288027A100A5B931 /* PofolData.swift */ = {isa = PBXFileReference; lastKnownFileType = sourcecode.swift; path = PofolData.swift; sourceTree = "<group>"; };
		BC1ED49628803F6B00A5B931 /* AddPofol.storyboard */ = {isa = PBXFileReference; lastKnownFileType = file.storyboard; path = AddPofol.storyboard; sourceTree = "<group>"; };
		BC1ED498288041B300A5B931 /* MyPofolTable.storyboard */ = {isa = PBXFileReference; lastKnownFileType = file.storyboard; path = MyPofolTable.storyboard; sourceTree = "<group>"; };
		BC1ED49C2880672300A5B931 /* MyPofolTableViewCell.swift */ = {isa = PBXFileReference; lastKnownFileType = sourcecode.swift; path = MyPofolTableViewCell.swift; sourceTree = "<group>"; };
		BC1ED49E288116B700A5B931 /* LoginUserData.swift */ = {isa = PBXFileReference; lastKnownFileType = sourcecode.swift; path = LoginUserData.swift; sourceTree = "<group>"; };
		BC1ED4A02881383400A5B931 /* MainTabBar.storyboard */ = {isa = PBXFileReference; lastKnownFileType = file.storyboard; path = MainTabBar.storyboard; sourceTree = "<group>"; };
		BC439BF828730BD8006F5659 /* RegisterViewController1.swift */ = {isa = PBXFileReference; lastKnownFileType = sourcecode.swift; path = RegisterViewController1.swift; sourceTree = "<group>"; };
		BC439BFA28733436006F5659 /* RegisterViewController2.swift */ = {isa = PBXFileReference; lastKnownFileType = sourcecode.swift; path = RegisterViewController2.swift; sourceTree = "<group>"; };
		BC439BFC2873437A006F5659 /* RegisterViewController3.swift */ = {isa = PBXFileReference; lastKnownFileType = sourcecode.swift; path = RegisterViewController3.swift; sourceTree = "<group>"; };
		BC439BFE287345F3006F5659 /* RegisterViewController4.swift */ = {isa = PBXFileReference; lastKnownFileType = sourcecode.swift; path = RegisterViewController4.swift; sourceTree = "<group>"; };
		BC439C0028735BCD006F5659 /* RegisterViewController5.swift */ = {isa = PBXFileReference; lastKnownFileType = sourcecode.swift; path = RegisterViewController5.swift; sourceTree = "<group>"; };
		BC4B5BFC287192190072A5FF /* login.storyboard */ = {isa = PBXFileReference; lastKnownFileType = file.storyboard; path = login.storyboard; sourceTree = "<group>"; };
		BC4B5BFF287199770072A5FF /* OnboardingViewController.swift */ = {isa = PBXFileReference; lastKnownFileType = sourcecode.swift; path = OnboardingViewController.swift; sourceTree = "<group>"; };
		BC4B5C0128719BF30072A5FF /* LoginViewController.swift */ = {isa = PBXFileReference; lastKnownFileType = sourcecode.swift; path = LoginViewController.swift; sourceTree = "<group>"; };
		BC4B5C1A2871C2660072A5FF /* OnboardingCollectionViewCell.swift */ = {isa = PBXFileReference; lastKnownFileType = sourcecode.swift; path = OnboardingCollectionViewCell.swift; sourceTree = "<group>"; };
		BC4B5C1D2871C4510072A5FF /* OnboardingModel.swift */ = {isa = PBXFileReference; lastKnownFileType = sourcecode.swift; path = OnboardingModel.swift; sourceTree = "<group>"; };
		BC636131287DA62400DFA6D2 /* UserModel.swift */ = {isa = PBXFileReference; lastKnownFileType = sourcecode.swift; path = UserModel.swift; sourceTree = "<group>"; };
		BC636134287DB47300DFA6D2 /* AddPofolViewController.swift */ = {isa = PBXFileReference; lastKnownFileType = sourcecode.swift; path = AddPofolViewController.swift; sourceTree = "<group>"; };
		BC636136287DDB8200DFA6D2 /* JWTAccessTokenAdapter.swift */ = {isa = PBXFileReference; lastKnownFileType = sourcecode.swift; path = JWTAccessTokenAdapter.swift; sourceTree = "<group>"; };
		BC6DD520287861EE0067D6B5 /* ApiKey.plist */ = {isa = PBXFileReference; lastKnownFileType = text.plist.xml; path = ApiKey.plist; sourceTree = "<group>"; };
		BC6DD522287863990067D6B5 /* EraOfBand_iOS++Bundle.swift */ = {isa = PBXFileReference; lastKnownFileType = sourcecode.swift; path = "EraOfBand_iOS++Bundle.swift"; sourceTree = "<group>"; };
		BC8502FE287732200022EA7B /* SessionModel.swift */ = {isa = PBXFileReference; lastKnownFileType = sourcecode.swift; path = SessionModel.swift; sourceTree = "<group>"; };
		BCA3DA32287934480031028E /* RegisterNavigationController.swift */ = {isa = PBXFileReference; lastKnownFileType = sourcecode.swift; path = RegisterNavigationController.swift; sourceTree = "<group>"; };
		BCA3DA3428793B4B0031028E /* KakaoData.swift */ = {isa = PBXFileReference; lastKnownFileType = sourcecode.swift; path = KakaoData.swift; sourceTree = "<group>"; };
		BCA3DA36287941B30031028E /* RegisterData.swift */ = {isa = PBXFileReference; lastKnownFileType = sourcecode.swift; path = RegisterData.swift; sourceTree = "<group>"; };
		BCA6646B287306F500136D1B /* Register.storyboard */ = {isa = PBXFileReference; lastKnownFileType = file.storyboard; path = Register.storyboard; sourceTree = "<group>"; };
		BCC2CF1F287C3E8B00A71B82 /* SessionCollectionViewCell.swift */ = {isa = PBXFileReference; lastKnownFileType = sourcecode.swift; path = SessionCollectionViewCell.swift; sourceTree = "<group>"; };
		BCD3C22B2882FA2F00562FB4 /* CommentTable.storyboard */ = {isa = PBXFileReference; lastKnownFileType = file.storyboard; path = CommentTable.storyboard; sourceTree = "<group>"; };
		BCD3C22D2882FAC100562FB4 /* PorfolCommentViewController.swift */ = {isa = PBXFileReference; lastKnownFileType = sourcecode.swift; path = PorfolCommentViewController.swift; sourceTree = "<group>"; };
		BCD3C22F2882FBB600562FB4 /* CommentTableViewCell.swift */ = {isa = PBXFileReference; lastKnownFileType = sourcecode.swift; path = CommentTableViewCell.swift; sourceTree = "<group>"; };
		BCD3C2312882FE3B00562FB4 /* CommentData.swift */ = {isa = PBXFileReference; lastKnownFileType = sourcecode.swift; path = CommentData.swift; sourceTree = "<group>"; };
		D5F38F906F075729C96B5D7B /* Pods-EraOfBand_iOS.release.xcconfig */ = {isa = PBXFileReference; includeInIndex = 1; lastKnownFileType = text.xcconfig; name = "Pods-EraOfBand_iOS.release.xcconfig"; path = "Target Support Files/Pods-EraOfBand_iOS/Pods-EraOfBand_iOS.release.xcconfig"; sourceTree = "<group>"; };
/* End PBXFileReference section */

/* Begin PBXFrameworksBuildPhase section */
		A809A7B2286F283400B9E08D /* Frameworks */ = {
			isa = PBXFrameworksBuildPhase;
			buildActionMask = 2147483647;
			files = (
				9DD28607C26E2D073BAC5914 /* Pods_EraOfBand_iOS.framework in Frameworks */,
				BC6DD51F28785D030067D6B5 /* KakaoSDK in Frameworks */,
			);
			runOnlyForDeploymentPostprocessing = 0;
		};
/* End PBXFrameworksBuildPhase section */

/* Begin PBXGroup section */
		63D074F824A2B32D19E7A153 /* Frameworks */ = {
			isa = PBXGroup;
			children = (
				941E6D10E1573BD4A3A87520 /* Pods_EraOfBand_iOS.framework */,
			);
			name = Frameworks;
			sourceTree = "<group>";
		};
		A809A7AC286F283400B9E08D = {
			isa = PBXGroup;
			children = (
				A809A7B7286F283400B9E08D /* EraOfBand_iOS */,
				A809A7B6286F283400B9E08D /* Products */,
				B71A2707C3ED5E437AF76117 /* Pods */,
				63D074F824A2B32D19E7A153 /* Frameworks */,
			);
			sourceTree = "<group>";
		};
		A809A7B6286F283400B9E08D /* Products */ = {
			isa = PBXGroup;
			children = (
				A809A7B5286F283400B9E08D /* EraOfBand_iOS.app */,
			);
			name = Products;
			sourceTree = "<group>";
		};
		A809A7B7286F283400B9E08D /* EraOfBand_iOS */ = {
			isa = PBXGroup;
			children = (
				BC6DD522287863990067D6B5 /* EraOfBand_iOS++Bundle.swift */,
				A81351A32882A76B00078C9E /* Service */,
				BC4B5C192871C24E0072A5FF /* Cell */,
				BC4B5C1C2871C4210072A5FF /* Model */,
				BC4B5C032871A6CD0072A5FF /* Resources */,
				BC4B5BFE287199550072A5FF /* ViewController */,
				BC4B5BFA28716A0B0072A5FF /* StoryBoard */,
				A809A7BC286F283400B9E08D /* ViewController.swift */,
				A809A7C6286F283600B9E08D /* Info.plist */,
				BC6DD520287861EE0067D6B5 /* ApiKey.plist */,
				BC636136287DDB8200DFA6D2 /* JWTAccessTokenAdapter.swift */,
			);
			path = EraOfBand_iOS;
			sourceTree = "<group>";
		};
		A809A7CC28714D8800B9E08D /* TabBarCustomLayout */ = {
			isa = PBXGroup;
			children = (
				A809A7EE2872E88300B9E08D /* TabBarController.swift */,
				A809A7F02872EAA400B9E08D /* TabBar.swift */,
			);
			path = TabBarCustomLayout;
			sourceTree = "<group>";
		};
		A809A7D1287152F800B9E08D /* TabStoryBoard */ = {
			isa = PBXGroup;
			children = (
				BC1ED49528803F3900A5B931 /* MypageTab */,
				A809A7D22871533A00B9E08D /* CommunityTab.storyboard */,
				A809A7D42871537B00B9E08D /* NoticeTab.storyboard */,
				A809A7D62871538400B9E08D /* HomeTab.storyboard */,
				A809A7D82871538D00B9E08D /* MessageTab.storyboard */,
			);
			path = TabStoryBoard;
			sourceTree = "<group>";
		};
		A81351A32882A76B00078C9E /* Service */ = {
			isa = PBXGroup;
			children = (
				A81351A62882A8CD00078C9E /* NetworkResult.swift */,
				A81351A42882A79400078C9E /* GetUserDataService.swift */,
			);
			path = Service;
			sourceTree = "<group>";
		};
		A85736092874C62000E2F0AB /* TabViewController */ = {
			isa = PBXGroup;
			children = (
				A857360A2874C64300E2F0AB /* CommunityTabViewController.swift */,
				A857360C2874C66800E2F0AB /* NoticeTabViewController.swift */,
				A857360E2874C67E00E2F0AB /* HomeTabViewController.swift */,
				A85736102874C68C00E2F0AB /* MessageTabViewController.swift */,
				A857361D287C43E100E2F0AB /* Mypage */,
			);
			path = TabViewController;
			sourceTree = "<group>";
		};
		A857361D287C43E100E2F0AB /* Mypage */ = {
			isa = PBXGroup;
			children = (
				BC636134287DB47300DFA6D2 /* AddPofolViewController.swift */,
				A85736122874C69E00E2F0AB /* MypageTabViewController.swift */,
				A8573624287C49F800E2F0AB /* TabManViewController.swift */,
				A8545D93288154D5003E076A /* PortfolioViewController.swift */,
				A8573620287C442100E2F0AB /* BandViewController.swift */,
				A8573622287C442B00E2F0AB /* LessonViewController.swift */,
				A8573626287D2F5300E2F0AB /* EditViewController.swift */,
			);
			path = Mypage;
			sourceTree = "<group>";
		};
		B71A2707C3ED5E437AF76117 /* Pods */ = {
			isa = PBXGroup;
			children = (
				1190870D647DF9114CDC66E6 /* Pods-EraOfBand_iOS.debug.xcconfig */,
				D5F38F906F075729C96B5D7B /* Pods-EraOfBand_iOS.release.xcconfig */,
			);
			path = Pods;
			sourceTree = "<group>";
		};
		BC1ED49528803F3900A5B931 /* MypageTab */ = {
			isa = PBXGroup;
			children = (
				A809A7DA287153A200B9E08D /* MypageTab.storyboard */,
				BC1ED49628803F6B00A5B931 /* AddPofol.storyboard */,
				BC1ED498288041B300A5B931 /* MyPofolTable.storyboard */,
				BCD3C22B2882FA2F00562FB4 /* CommentTable.storyboard */,
			);
			path = MypageTab;
			sourceTree = "<group>";
		};
		BC439BF728730B6A006F5659 /* RegisterViewController */ = {
			isa = PBXGroup;
			children = (
				BC439BF828730BD8006F5659 /* RegisterViewController1.swift */,
				BC439BFA28733436006F5659 /* RegisterViewController2.swift */,
				BC439BFC2873437A006F5659 /* RegisterViewController3.swift */,
				BC439BFE287345F3006F5659 /* RegisterViewController4.swift */,
				BC439C0028735BCD006F5659 /* RegisterViewController5.swift */,
				BC1C6A7F28744720009A1FE7 /* RegisterViewController6.swift */,
				BCA3DA32287934480031028E /* RegisterNavigationController.swift */,
			);
			path = RegisterViewController;
			sourceTree = "<group>";
		};
		BC4B5BFA28716A0B0072A5FF /* StoryBoard */ = {
			isa = PBXGroup;
			children = (
				A809A7C3286F283600B9E08D /* LaunchScreen.storyboard */,
				A809A7BE286F283400B9E08D /* Main.storyboard */,
				BC1ED4A02881383400A5B931 /* MainTabBar.storyboard */,
				BC4B5BFC287192190072A5FF /* login.storyboard */,
				A809A7D1287152F800B9E08D /* TabStoryBoard */,
				BCA6646B287306F500136D1B /* Register.storyboard */,
				A84D35F22881A2B6007E8E3C /* OtherUser.storyboard */,
			);
			path = StoryBoard;
			sourceTree = "<group>";
		};
		BC4B5BFE287199550072A5FF /* ViewController */ = {
			isa = PBXGroup;
			children = (
				BC636133287DB45F00DFA6D2 /* PorfolViewController */,
				A809A7CC28714D8800B9E08D /* TabBarCustomLayout */,
				A85736092874C62000E2F0AB /* TabViewController */,
				BC439BF728730B6A006F5659 /* RegisterViewController */,
				A809A7B8286F283400B9E08D /* AppDelegate.swift */,
				A809A7BA286F283400B9E08D /* SceneDelegate.swift */,
				BC4B5BFF287199770072A5FF /* OnboardingViewController.swift */,
				BC4B5C0128719BF30072A5FF /* LoginViewController.swift */,
				A84D35F42881AF31007E8E3C /* OtherUserViewController.swift */,
			);
			path = ViewController;
			sourceTree = "<group>";
		};
		BC4B5C032871A6CD0072A5FF /* Resources */ = {
			isa = PBXGroup;
			children = (
				BC4B5C042871A6E70072A5FF /* Fonts */,
				A809A7C1286F283600B9E08D /* Assets.xcassets */,
			);
			path = Resources;
			sourceTree = "<group>";
		};
		BC4B5C042871A6E70072A5FF /* Fonts */ = {
			isa = PBXGroup;
			children = (
				A809A7E92872DE0F00B9E08D /* Pretendard-Black.otf */,
				A809A7EC2872DE0F00B9E08D /* Pretendard-Bold.otf */,
				A809A7EB2872DE0F00B9E08D /* Pretendard-ExtraBold.otf */,
				A809A7ED2872DE0F00B9E08D /* Pretendard-ExtraLight.otf */,
				A809A7EA2872DE0F00B9E08D /* Pretendard-Light.otf */,
				A809A7E72872DE0F00B9E08D /* Pretendard-Medium.otf */,
				A809A7E82872DE0F00B9E08D /* Pretendard-Regular.otf */,
				A809A7E62872DE0F00B9E08D /* Pretendard-SemiBold.otf */,
				A809A7E52872DE0F00B9E08D /* Pretendard-Thin.otf */,
			);
			path = Fonts;
			sourceTree = "<group>";
		};
		BC4B5C192871C24E0072A5FF /* Cell */ = {
			isa = PBXGroup;
			children = (
				BCC2CF1F287C3E8B00A71B82 /* SessionCollectionViewCell.swift */,
				BC4B5C1A2871C2660072A5FF /* OnboardingCollectionViewCell.swift */,
				BC1ED49C2880672300A5B931 /* MyPofolTableViewCell.swift */,
				A8545D912880DF1D003E076A /* PorfolCollectionViewCell.swift */,
				BCD3C22F2882FBB600562FB4 /* CommentTableViewCell.swift */,
			);
			path = Cell;
			sourceTree = "<group>";
		};
		BC4B5C1C2871C4210072A5FF /* Model */ = {
			isa = PBXGroup;
			children = (
				BC8502FE287732200022EA7B /* SessionModel.swift */,
				BCA3DA3428793B4B0031028E /* KakaoData.swift */,
				BCA3DA36287941B30031028E /* RegisterData.swift */,
				BC636131287DA62400DFA6D2 /* UserModel.swift */,
				BC1ED493288027A100A5B931 /* PofolData.swift */,
				BC4B5C1D2871C4510072A5FF /* OnboardingModel.swift */,
				BC1ED49E288116B700A5B931 /* LoginUserData.swift */,
				BCD3C2312882FE3B00562FB4 /* CommentData.swift */,
				A8573628287DB2C500E2F0AB /* UserDataModel.swift */,
			);
			path = Model;
			sourceTree = "<group>";
		};
		BC636133287DB45F00DFA6D2 /* PorfolViewController */ = {
			isa = PBXGroup;
			children = (
				BC1ED4912880264600A5B931 /* PofolTableViewController.swift */,
				BCD3C22D2882FAC100562FB4 /* PorfolCommentViewController.swift */,
			);
			path = PorfolViewController;
			sourceTree = "<group>";
		};
/* End PBXGroup section */

/* Begin PBXNativeTarget section */
		A809A7B4286F283400B9E08D /* EraOfBand_iOS */ = {
			isa = PBXNativeTarget;
			buildConfigurationList = A809A7C9286F283600B9E08D /* Build configuration list for PBXNativeTarget "EraOfBand_iOS" */;
			buildPhases = (
				3DA4904C891975ABEE973453 /* [CP] Check Pods Manifest.lock */,
				A809A7B1286F283400B9E08D /* Sources */,
				A809A7B2286F283400B9E08D /* Frameworks */,
				A809A7B3286F283400B9E08D /* Resources */,
				43122A3AF08D95C3E3C23FE6 /* [CP] Embed Pods Frameworks */,
			);
			buildRules = (
			);
			dependencies = (
			);
			name = EraOfBand_iOS;
			packageProductDependencies = (
				BC6DD51E28785D030067D6B5 /* KakaoSDK */,
			);
			productName = EraOfBand_iOS;
			productReference = A809A7B5286F283400B9E08D /* EraOfBand_iOS.app */;
			productType = "com.apple.product-type.application";
		};
/* End PBXNativeTarget section */

/* Begin PBXProject section */
		A809A7AD286F283400B9E08D /* Project object */ = {
			isa = PBXProject;
			attributes = {
				BuildIndependentTargetsInParallel = 1;
				LastSwiftUpdateCheck = 1340;
				LastUpgradeCheck = 1340;
				TargetAttributes = {
					A809A7B4286F283400B9E08D = {
						CreatedOnToolsVersion = 13.4.1;
					};
				};
			};
			buildConfigurationList = A809A7B0286F283400B9E08D /* Build configuration list for PBXProject "EraOfBand_iOS" */;
			compatibilityVersion = "Xcode 13.0";
			developmentRegion = en;
			hasScannedForEncodings = 0;
			knownRegions = (
				en,
				Base,
			);
			mainGroup = A809A7AC286F283400B9E08D;
			packageReferences = (
				BC6DD51D28785D030067D6B5 /* XCRemoteSwiftPackageReference "kakao-ios-sdk" */,
			);
			productRefGroup = A809A7B6286F283400B9E08D /* Products */;
			projectDirPath = "";
			projectRoot = "";
			targets = (
				A809A7B4286F283400B9E08D /* EraOfBand_iOS */,
			);
		};
/* End PBXProject section */

/* Begin PBXResourcesBuildPhase section */
		A809A7B3286F283400B9E08D /* Resources */ = {
			isa = PBXResourcesBuildPhase;
			buildActionMask = 2147483647;
			files = (
				A8573617287534EC00E2F0AB /* Pretendard-ExtraLight.otf in Resources */,
				A809A7C5286F283600B9E08D /* LaunchScreen.storyboard in Resources */,
				BC1ED4A12881383400A5B931 /* MainTabBar.storyboard in Resources */,
				A8573615287534E700E2F0AB /* Pretendard-Bold.otf in Resources */,
				A8573619287534F200E2F0AB /* Pretendard-Medium.otf in Resources */,
				A809A7C2286F283600B9E08D /* Assets.xcassets in Resources */,
				A809A7C0286F283400B9E08D /* Main.storyboard in Resources */,
				A809A7D92871538D00B9E08D /* MessageTab.storyboard in Resources */,
				A809A7D32871533A00B9E08D /* CommunityTab.storyboard in Resources */,
				BCD3C22C2882FA2F00562FB4 /* CommentTable.storyboard in Resources */,
				A809A7DB287153A200B9E08D /* MypageTab.storyboard in Resources */,
				A8573618287534EF00E2F0AB /* Pretendard-Light.otf in Resources */,
				BC1ED49728803F6B00A5B931 /* AddPofol.storyboard in Resources */,
				A8573614287534E200E2F0AB /* Pretendard-Black.otf in Resources */,
				A857361C287534F900E2F0AB /* Pretendard-Thin.otf in Resources */,
				A857361A287534F500E2F0AB /* Pretendard-Regular.otf in Resources */,
				A809A7D52871537B00B9E08D /* NoticeTab.storyboard in Resources */,
				A8573616287534EA00E2F0AB /* Pretendard-ExtraBold.otf in Resources */,
				BC1ED499288041B300A5B931 /* MyPofolTable.storyboard in Resources */,
				BCA6646C287306F500136D1B /* Register.storyboard in Resources */,
				A857361B287534F700E2F0AB /* Pretendard-SemiBold.otf in Resources */,
				A809A7D72871538400B9E08D /* HomeTab.storyboard in Resources */,
				A84D35F32881A2B6007E8E3C /* OtherUser.storyboard in Resources */,
				BC6DD521287861EE0067D6B5 /* ApiKey.plist in Resources */,
				BC4B5BFD287192190072A5FF /* login.storyboard in Resources */,
			);
			runOnlyForDeploymentPostprocessing = 0;
		};
/* End PBXResourcesBuildPhase section */

/* Begin PBXShellScriptBuildPhase section */
		3DA4904C891975ABEE973453 /* [CP] Check Pods Manifest.lock */ = {
			isa = PBXShellScriptBuildPhase;
			buildActionMask = 2147483647;
			files = (
			);
			inputFileListPaths = (
			);
			inputPaths = (
				"${PODS_PODFILE_DIR_PATH}/Podfile.lock",
				"${PODS_ROOT}/Manifest.lock",
			);
			name = "[CP] Check Pods Manifest.lock";
			outputFileListPaths = (
			);
			outputPaths = (
				"$(DERIVED_FILE_DIR)/Pods-EraOfBand_iOS-checkManifestLockResult.txt",
			);
			runOnlyForDeploymentPostprocessing = 0;
			shellPath = /bin/sh;
			shellScript = "diff \"${PODS_PODFILE_DIR_PATH}/Podfile.lock\" \"${PODS_ROOT}/Manifest.lock\" > /dev/null\nif [ $? != 0 ] ; then\n    # print error to STDERR\n    echo \"error: The sandbox is not in sync with the Podfile.lock. Run 'pod install' or update your CocoaPods installation.\" >&2\n    exit 1\nfi\n# This output is used by Xcode 'outputs' to avoid re-running this script phase.\necho \"SUCCESS\" > \"${SCRIPT_OUTPUT_FILE_0}\"\n";
			showEnvVarsInLog = 0;
		};
		43122A3AF08D95C3E3C23FE6 /* [CP] Embed Pods Frameworks */ = {
			isa = PBXShellScriptBuildPhase;
			buildActionMask = 2147483647;
			files = (
			);
			inputFileListPaths = (
				"${PODS_ROOT}/Target Support Files/Pods-EraOfBand_iOS/Pods-EraOfBand_iOS-frameworks-${CONFIGURATION}-input-files.xcfilelist",
			);
			name = "[CP] Embed Pods Frameworks";
			outputFileListPaths = (
				"${PODS_ROOT}/Target Support Files/Pods-EraOfBand_iOS/Pods-EraOfBand_iOS-frameworks-${CONFIGURATION}-output-files.xcfilelist",
			);
			runOnlyForDeploymentPostprocessing = 0;
			shellPath = /bin/sh;
			shellScript = "\"${PODS_ROOT}/Target Support Files/Pods-EraOfBand_iOS/Pods-EraOfBand_iOS-frameworks.sh\"\n";
			showEnvVarsInLog = 0;
		};
/* End PBXShellScriptBuildPhase section */

/* Begin PBXSourcesBuildPhase section */
		A809A7B1286F283400B9E08D /* Sources */ = {
			isa = PBXSourcesBuildPhase;
			buildActionMask = 2147483647;
			files = (
				BCD3C22E2882FAC100562FB4 /* PorfolCommentViewController.swift in Sources */,
				BC439BFD2873437A006F5659 /* RegisterViewController3.swift in Sources */,
				A8545D94288154D6003E076A /* PortfolioViewController.swift in Sources */,
				BC636137287DDB8200DFA6D2 /* JWTAccessTokenAdapter.swift in Sources */,
				BCA3DA3528793B4B0031028E /* KakaoData.swift in Sources */,
				BCC2CF20287C3E8B00A71B82 /* SessionCollectionViewCell.swift in Sources */,
				BC1ED49F288116B700A5B931 /* LoginUserData.swift in Sources */,
				BC4B5C0228719BF30072A5FF /* LoginViewController.swift in Sources */,
				BC6DD523287863990067D6B5 /* EraOfBand_iOS++Bundle.swift in Sources */,
				A85736112874C68C00E2F0AB /* MessageTabViewController.swift in Sources */,
				A809A7BD286F283400B9E08D /* ViewController.swift in Sources */,
				BC439C0128735BCD006F5659 /* RegisterViewController5.swift in Sources */,
				A809A7B9286F283400B9E08D /* AppDelegate.swift in Sources */,
				A8573627287D2F5300E2F0AB /* EditViewController.swift in Sources */,
				BCA3DA37287941B30031028E /* RegisterData.swift in Sources */,
				BC1ED494288027A100A5B931 /* PofolData.swift in Sources */,
				BC636132287DA62400DFA6D2 /* UserModel.swift in Sources */,
				A85736132874C69E00E2F0AB /* MypageTabViewController.swift in Sources */,
				A857360F2874C67E00E2F0AB /* HomeTabViewController.swift in Sources */,
				BC636135287DB47300DFA6D2 /* AddPofolViewController.swift in Sources */,
				A8573629287DB2C500E2F0AB /* UserDataModel.swift in Sources */,
				A81351A72882A8CD00078C9E /* NetworkResult.swift in Sources */,
				BC439BFF287345F3006F5659 /* RegisterViewController4.swift in Sources */,
				A8573621287C442100E2F0AB /* BandViewController.swift in Sources */,
				A8573625287C49F800E2F0AB /* TabManViewController.swift in Sources */,
				BC439BF928730BD8006F5659 /* RegisterViewController1.swift in Sources */,
				BC4B5C00287199770072A5FF /* OnboardingViewController.swift in Sources */,
				BC1C6A8028744720009A1FE7 /* RegisterViewController6.swift in Sources */,
				BC4B5C1E2871C4510072A5FF /* OnboardingModel.swift in Sources */,
				A8545D96288156DD003E076A /* PorfolCollectionViewCell.swift in Sources */,
				BC1ED49D2880672300A5B931 /* MyPofolTableViewCell.swift in Sources */,
				BC439BFB28733436006F5659 /* RegisterViewController2.swift in Sources */,
				A809A7F12872EAA400B9E08D /* TabBar.swift in Sources */,
				BC4B5C1E2871C4510072A5FF /* OnboardingModel.swift in Sources */,
				BC4B5C1B2871C2660072A5FF /* OnboardingCollectionViewCell.swift in Sources */,
				BCD3C2302882FBB600562FB4 /* CommentTableViewCell.swift in Sources */,
				BC1ED4922880264600A5B931 /* PofolTableViewController.swift in Sources */,
				A8573623287C442B00E2F0AB /* LessonViewController.swift in Sources */,
				A857361F287C440B00E2F0AB /* PortfolioViewController.swift in Sources */,
				BCD3C2322882FE3B00562FB4 /* CommentData.swift in Sources */,
				A84D35F52881AF31007E8E3C /* OtherUserViewController.swift in Sources */,
				A809A7EF2872E88300B9E08D /* TabBarController.swift in Sources */,
				BC8502FF287732200022EA7B /* SessionModel.swift in Sources */,
				A809A7F12872EAA400B9E08D /* TabBar.swift in Sources */,
				BC4B5C1E2871C4510072A5FF /* OnboardingModel.swift in Sources */,
				BC4B5C1B2871C2660072A5FF /* OnboardingCollectionViewCell.swift in Sources */,
				A857360D2874C66800E2F0AB /* NoticeTabViewController.swift in Sources */,
				A809A7EF2872E88300B9E08D /* TabBarController.swift in Sources */,
				A857360B2874C64300E2F0AB /* CommunityTabViewController.swift in Sources */,
				A81351A52882A79400078C9E /* GetUserDataService.swift in Sources */,
				A809A7BB286F283400B9E08D /* SceneDelegate.swift in Sources */,
				BCA3DA33287934480031028E /* RegisterNavigationController.swift in Sources */,
			);
			runOnlyForDeploymentPostprocessing = 0;
		};
/* End PBXSourcesBuildPhase section */

/* Begin PBXVariantGroup section */
		A809A7BE286F283400B9E08D /* Main.storyboard */ = {
			isa = PBXVariantGroup;
			children = (
				A809A7BF286F283400B9E08D /* Base */,
			);
			name = Main.storyboard;
			sourceTree = "<group>";
		};
		A809A7C3286F283600B9E08D /* LaunchScreen.storyboard */ = {
			isa = PBXVariantGroup;
			children = (
				A809A7C4286F283600B9E08D /* Base */,
			);
			name = LaunchScreen.storyboard;
			sourceTree = "<group>";
		};
/* End PBXVariantGroup section */

/* Begin XCBuildConfiguration section */
		A809A7C7286F283600B9E08D /* Debug */ = {
			isa = XCBuildConfiguration;
			buildSettings = {
				ALWAYS_SEARCH_USER_PATHS = NO;
				CLANG_ANALYZER_NONNULL = YES;
				CLANG_ANALYZER_NUMBER_OBJECT_CONVERSION = YES_AGGRESSIVE;
				CLANG_CXX_LANGUAGE_STANDARD = "gnu++17";
				CLANG_ENABLE_MODULES = YES;
				CLANG_ENABLE_OBJC_ARC = YES;
				CLANG_ENABLE_OBJC_WEAK = YES;
				CLANG_WARN_BLOCK_CAPTURE_AUTORELEASING = YES;
				CLANG_WARN_BOOL_CONVERSION = YES;
				CLANG_WARN_COMMA = YES;
				CLANG_WARN_CONSTANT_CONVERSION = YES;
				CLANG_WARN_DEPRECATED_OBJC_IMPLEMENTATIONS = YES;
				CLANG_WARN_DIRECT_OBJC_ISA_USAGE = YES_ERROR;
				CLANG_WARN_DOCUMENTATION_COMMENTS = YES;
				CLANG_WARN_EMPTY_BODY = YES;
				CLANG_WARN_ENUM_CONVERSION = YES;
				CLANG_WARN_INFINITE_RECURSION = YES;
				CLANG_WARN_INT_CONVERSION = YES;
				CLANG_WARN_NON_LITERAL_NULL_CONVERSION = YES;
				CLANG_WARN_OBJC_IMPLICIT_RETAIN_SELF = YES;
				CLANG_WARN_OBJC_LITERAL_CONVERSION = YES;
				CLANG_WARN_OBJC_ROOT_CLASS = YES_ERROR;
				CLANG_WARN_QUOTED_INCLUDE_IN_FRAMEWORK_HEADER = YES;
				CLANG_WARN_RANGE_LOOP_ANALYSIS = YES;
				CLANG_WARN_STRICT_PROTOTYPES = YES;
				CLANG_WARN_SUSPICIOUS_MOVE = YES;
				CLANG_WARN_UNGUARDED_AVAILABILITY = YES_AGGRESSIVE;
				CLANG_WARN_UNREACHABLE_CODE = YES;
				CLANG_WARN__DUPLICATE_METHOD_MATCH = YES;
				COPY_PHASE_STRIP = NO;
				DEBUG_INFORMATION_FORMAT = dwarf;
				ENABLE_STRICT_OBJC_MSGSEND = YES;
				ENABLE_TESTABILITY = YES;
				GCC_C_LANGUAGE_STANDARD = gnu11;
				GCC_DYNAMIC_NO_PIC = NO;
				GCC_NO_COMMON_BLOCKS = YES;
				GCC_OPTIMIZATION_LEVEL = 0;
				GCC_PREPROCESSOR_DEFINITIONS = (
					"DEBUG=1",
					"$(inherited)",
				);
				GCC_WARN_64_TO_32_BIT_CONVERSION = YES;
				GCC_WARN_ABOUT_RETURN_TYPE = YES_ERROR;
				GCC_WARN_UNDECLARED_SELECTOR = YES;
				GCC_WARN_UNINITIALIZED_AUTOS = YES_AGGRESSIVE;
				GCC_WARN_UNUSED_FUNCTION = YES;
				GCC_WARN_UNUSED_VARIABLE = YES;
				IPHONEOS_DEPLOYMENT_TARGET = 15.5;
				MTL_ENABLE_DEBUG_INFO = INCLUDE_SOURCE;
				MTL_FAST_MATH = YES;
				ONLY_ACTIVE_ARCH = YES;
				SDKROOT = iphoneos;
				SWIFT_ACTIVE_COMPILATION_CONDITIONS = DEBUG;
				SWIFT_OPTIMIZATION_LEVEL = "-Onone";
			};
			name = Debug;
		};
		A809A7C8286F283600B9E08D /* Release */ = {
			isa = XCBuildConfiguration;
			buildSettings = {
				ALWAYS_SEARCH_USER_PATHS = NO;
				CLANG_ANALYZER_NONNULL = YES;
				CLANG_ANALYZER_NUMBER_OBJECT_CONVERSION = YES_AGGRESSIVE;
				CLANG_CXX_LANGUAGE_STANDARD = "gnu++17";
				CLANG_ENABLE_MODULES = YES;
				CLANG_ENABLE_OBJC_ARC = YES;
				CLANG_ENABLE_OBJC_WEAK = YES;
				CLANG_WARN_BLOCK_CAPTURE_AUTORELEASING = YES;
				CLANG_WARN_BOOL_CONVERSION = YES;
				CLANG_WARN_COMMA = YES;
				CLANG_WARN_CONSTANT_CONVERSION = YES;
				CLANG_WARN_DEPRECATED_OBJC_IMPLEMENTATIONS = YES;
				CLANG_WARN_DIRECT_OBJC_ISA_USAGE = YES_ERROR;
				CLANG_WARN_DOCUMENTATION_COMMENTS = YES;
				CLANG_WARN_EMPTY_BODY = YES;
				CLANG_WARN_ENUM_CONVERSION = YES;
				CLANG_WARN_INFINITE_RECURSION = YES;
				CLANG_WARN_INT_CONVERSION = YES;
				CLANG_WARN_NON_LITERAL_NULL_CONVERSION = YES;
				CLANG_WARN_OBJC_IMPLICIT_RETAIN_SELF = YES;
				CLANG_WARN_OBJC_LITERAL_CONVERSION = YES;
				CLANG_WARN_OBJC_ROOT_CLASS = YES_ERROR;
				CLANG_WARN_QUOTED_INCLUDE_IN_FRAMEWORK_HEADER = YES;
				CLANG_WARN_RANGE_LOOP_ANALYSIS = YES;
				CLANG_WARN_STRICT_PROTOTYPES = YES;
				CLANG_WARN_SUSPICIOUS_MOVE = YES;
				CLANG_WARN_UNGUARDED_AVAILABILITY = YES_AGGRESSIVE;
				CLANG_WARN_UNREACHABLE_CODE = YES;
				CLANG_WARN__DUPLICATE_METHOD_MATCH = YES;
				COPY_PHASE_STRIP = NO;
				DEBUG_INFORMATION_FORMAT = "dwarf-with-dsym";
				ENABLE_NS_ASSERTIONS = NO;
				ENABLE_STRICT_OBJC_MSGSEND = YES;
				GCC_C_LANGUAGE_STANDARD = gnu11;
				GCC_NO_COMMON_BLOCKS = YES;
				GCC_WARN_64_TO_32_BIT_CONVERSION = YES;
				GCC_WARN_ABOUT_RETURN_TYPE = YES_ERROR;
				GCC_WARN_UNDECLARED_SELECTOR = YES;
				GCC_WARN_UNINITIALIZED_AUTOS = YES_AGGRESSIVE;
				GCC_WARN_UNUSED_FUNCTION = YES;
				GCC_WARN_UNUSED_VARIABLE = YES;
				IPHONEOS_DEPLOYMENT_TARGET = 15.5;
				MTL_ENABLE_DEBUG_INFO = NO;
				MTL_FAST_MATH = YES;
				SDKROOT = iphoneos;
				SWIFT_COMPILATION_MODE = wholemodule;
				SWIFT_OPTIMIZATION_LEVEL = "-O";
				VALIDATE_PRODUCT = YES;
			};
			name = Release;
		};
		A809A7CA286F283600B9E08D /* Debug */ = {
			isa = XCBuildConfiguration;
			baseConfigurationReference = 1190870D647DF9114CDC66E6 /* Pods-EraOfBand_iOS.debug.xcconfig */;
			buildSettings = {
				ASSETCATALOG_COMPILER_APPICON_NAME = AppIcon;
				ASSETCATALOG_COMPILER_GLOBAL_ACCENT_COLOR_NAME = AccentColor;
				CODE_SIGN_STYLE = Automatic;
				CURRENT_PROJECT_VERSION = 1;
				DEVELOPMENT_TEAM = P7RWD3A283;
				GENERATE_INFOPLIST_FILE = YES;
				INFOPLIST_FILE = EraOfBand_iOS/Info.plist;
				INFOPLIST_KEY_UIApplicationSupportsIndirectInputEvents = YES;
				INFOPLIST_KEY_UILaunchStoryboardName = LaunchScreen;
				INFOPLIST_KEY_UIMainStoryboardFile = Main;
				INFOPLIST_KEY_UISupportedInterfaceOrientations_iPad = "UIInterfaceOrientationPortrait UIInterfaceOrientationPortraitUpsideDown UIInterfaceOrientationLandscapeLeft UIInterfaceOrientationLandscapeRight";
				INFOPLIST_KEY_UISupportedInterfaceOrientations_iPhone = "UIInterfaceOrientationPortrait UIInterfaceOrientationLandscapeLeft UIInterfaceOrientationLandscapeRight";
				LD_RUNPATH_SEARCH_PATHS = (
					"$(inherited)",
					"@executable_path/Frameworks",
				);
				MARKETING_VERSION = 1.0;
				PRODUCT_BUNDLE_IDENTIFIER = "com.yeonghyeon.EraOfBand-iOS";
				PRODUCT_NAME = "$(TARGET_NAME)";
				SWIFT_EMIT_LOC_STRINGS = YES;
				SWIFT_VERSION = 5.0;
				TARGETED_DEVICE_FAMILY = "1,2";
			};
			name = Debug;
		};
		A809A7CB286F283600B9E08D /* Release */ = {
			isa = XCBuildConfiguration;
			baseConfigurationReference = D5F38F906F075729C96B5D7B /* Pods-EraOfBand_iOS.release.xcconfig */;
			buildSettings = {
				ASSETCATALOG_COMPILER_APPICON_NAME = AppIcon;
				ASSETCATALOG_COMPILER_GLOBAL_ACCENT_COLOR_NAME = AccentColor;
				CODE_SIGN_STYLE = Automatic;
				CURRENT_PROJECT_VERSION = 1;
				DEVELOPMENT_TEAM = P7RWD3A283;
				GENERATE_INFOPLIST_FILE = YES;
				INFOPLIST_FILE = EraOfBand_iOS/Info.plist;
				INFOPLIST_KEY_UIApplicationSupportsIndirectInputEvents = YES;
				INFOPLIST_KEY_UILaunchStoryboardName = LaunchScreen;
				INFOPLIST_KEY_UIMainStoryboardFile = Main;
				INFOPLIST_KEY_UISupportedInterfaceOrientations_iPad = "UIInterfaceOrientationPortrait UIInterfaceOrientationPortraitUpsideDown UIInterfaceOrientationLandscapeLeft UIInterfaceOrientationLandscapeRight";
				INFOPLIST_KEY_UISupportedInterfaceOrientations_iPhone = "UIInterfaceOrientationPortrait UIInterfaceOrientationLandscapeLeft UIInterfaceOrientationLandscapeRight";
				LD_RUNPATH_SEARCH_PATHS = (
					"$(inherited)",
					"@executable_path/Frameworks",
				);
				MARKETING_VERSION = 1.0;
				PRODUCT_BUNDLE_IDENTIFIER = "com.yeonghyeon.EraOfBand-iOS";
				PRODUCT_NAME = "$(TARGET_NAME)";
				SWIFT_EMIT_LOC_STRINGS = YES;
				SWIFT_VERSION = 5.0;
				TARGETED_DEVICE_FAMILY = "1,2";
			};
			name = Release;
		};
/* End XCBuildConfiguration section */

/* Begin XCConfigurationList section */
		A809A7B0286F283400B9E08D /* Build configuration list for PBXProject "EraOfBand_iOS" */ = {
			isa = XCConfigurationList;
			buildConfigurations = (
				A809A7C7286F283600B9E08D /* Debug */,
				A809A7C8286F283600B9E08D /* Release */,
			);
			defaultConfigurationIsVisible = 0;
			defaultConfigurationName = Release;
		};
		A809A7C9286F283600B9E08D /* Build configuration list for PBXNativeTarget "EraOfBand_iOS" */ = {
			isa = XCConfigurationList;
			buildConfigurations = (
				A809A7CA286F283600B9E08D /* Debug */,
				A809A7CB286F283600B9E08D /* Release */,
			);
			defaultConfigurationIsVisible = 0;
			defaultConfigurationName = Release;
		};
/* End XCConfigurationList section */

/* Begin XCRemoteSwiftPackageReference section */
		BC6DD51D28785D030067D6B5 /* XCRemoteSwiftPackageReference "kakao-ios-sdk" */ = {
			isa = XCRemoteSwiftPackageReference;
			repositoryURL = "https://github.com/kakao/kakao-ios-sdk";
			requirement = {
				branch = master;
				kind = branch;
			};
		};
/* End XCRemoteSwiftPackageReference section */

/* Begin XCSwiftPackageProductDependency section */
		BC6DD51E28785D030067D6B5 /* KakaoSDK */ = {
			isa = XCSwiftPackageProductDependency;
			package = BC6DD51D28785D030067D6B5 /* XCRemoteSwiftPackageReference "kakao-ios-sdk" */;
			productName = KakaoSDK;
		};
/* End XCSwiftPackageProductDependency section */
	};
	rootObject = A809A7AD286F283400B9E08D /* Project object */;
}
